// !$*UTF8*$!
{
	archiveVersion = 1;
	classes = {
	};
	objectVersion = 77;
	objects = {

/* Begin PBXBuildFile section */
		01426908FD705FCA1750E7E6 /* NavigationUITests.swift in Sources */ = {isa = PBXBuildFile; fileRef = 64620CDA70359F2FAF3E0AC9 /* NavigationUITests.swift */; };
		0F8936B3B493D50EC8605D2E /* KeychainAndBiometricTests.swift in Sources */ = {isa = PBXBuildFile; fileRef = 5D12DD757BE134A9B7406611 /* KeychainAndBiometricTests.swift */; };
		11E5D63EF7D33F646CFE7B67 /* Authenticator.swift in Sources */ = {isa = PBXBuildFile; fileRef = B4E15EA367D070805A633A6C /* Authenticator.swift */; };
		333556C8D78846566DF80474 /* ThemeTests.swift in Sources */ = {isa = PBXBuildFile; fileRef = A2C05DD9A4CCADB52C9273BA /* ThemeTests.swift */; };
		425D41BA0C51A30BEAB5B3DD /* CatalogRepositoryTests.swift in Sources */ = {isa = PBXBuildFile; fileRef = 1DA54984EE19823EDAE55EBC /* CatalogRepositoryTests.swift */; };
		4CE6542461877B26241C34F3 /* BiometricGate.swift in Sources */ = {isa = PBXBuildFile; fileRef = 9676FDF11354D50F0311FE96 /* BiometricGate.swift */; };
		50179D7DB34E1CE9D50AB3E7 /* MishranTheme.swift in Sources */ = {isa = PBXBuildFile; fileRef = ED91007C15EEF6F6939E19F7 /* MishranTheme.swift */; };
		5241D9593377B8F8C42420FC /* BiometricGateView.swift in Sources */ = {isa = PBXBuildFile; fileRef = AC83CE02DB09238F8FF3887C /* BiometricGateView.swift */; };
		59B2B9B58C01BA97CC40881D /* AuthViewModelTests.swift in Sources */ = {isa = PBXBuildFile; fileRef = D4774C4B2CF65897F30615C9 /* AuthViewModelTests.swift */; };
		5DCF00EBFACD0A6E0F37D9DF /* DTOs.swift in Sources */ = {isa = PBXBuildFile; fileRef = 6D0E622CC322FD71D228D9A1 /* DTOs.swift */; };
		6B2A9A756E587C152AC0F7D2 /* DeepLinkHandler.swift in Sources */ = {isa = PBXBuildFile; fileRef = B5D23986BE08057D412B120B /* DeepLinkHandler.swift */; };
		761CCC593D07CFC0546F0BA0 /* APIClientTests.swift in Sources */ = {isa = PBXBuildFile; fileRef = 42DE5E76A474C16C34FC4633 /* APIClientTests.swift */; };
		83973606D789D3E21B7B8528 /* Endpoint.swift in Sources */ = {isa = PBXBuildFile; fileRef = CAED0D2ACB563E649EF0B480 /* Endpoint.swift */; };
		84F381E7BA4D6C9C295196A1 /* MishranTokens.swift in Sources */ = {isa = PBXBuildFile; fileRef = D15083CDE49B78AEB7CE5C9D /* MishranTokens.swift */; };
		88D4B0C4E1A3F32E8BCC7E30 /* SwiftDataModels.swift in Sources */ = {isa = PBXBuildFile; fileRef = 17F6E1F7404D245F24FE9B87 /* SwiftDataModels.swift */; };
		8C167D518B491CBC4E136210 /* Route.swift in Sources */ = {isa = PBXBuildFile; fileRef = 0D6EE45F8BABD45F7382D47E /* Route.swift */; };
		8E2667EF644522F496C20C20 /* MishranApp.swift in Sources */ = {isa = PBXBuildFile; fileRef = D8DB1B710CA72B53C3537FB5 /* MishranApp.swift */; };
		95803D6C83C1B4DC3A1E71E4 /* ModelContainerFactory.swift in Sources */ = {isa = PBXBuildFile; fileRef = 10B29822DDA008F5A6BAD2EB /* ModelContainerFactory.swift */; };
		9C9AFBD5F27AE26EBF166126 /* AuthViewModel.swift in Sources */ = {isa = PBXBuildFile; fileRef = C68431822FCFD10052C69E84 /* AuthViewModel.swift */; };
		9E4748531BA06BC94A2C484F /* AppleSignInTests.swift in Sources */ = {isa = PBXBuildFile; fileRef = FB4B0CA54764C50EF5E7288E /* AppleSignInTests.swift */; };
		9F0470D37E60CB3A0B5F97A1 /* AuthUITests.swift in Sources */ = {isa = PBXBuildFile; fileRef = CBCD922D98E4F596E91C2BB3 /* AuthUITests.swift */; };
		9FD03ADFDD9C9409D7C60BF2 /* Assets.xcassets in Resources */ = {isa = PBXBuildFile; fileRef = 38C61D8573D8238A69276ACD /* Assets.xcassets */; };
		A3985EE883EE06FF0E9483AD /* APIError.swift in Sources */ = {isa = PBXBuildFile; fileRef = CE06CF24565A57CA9FCAA9AD /* APIError.swift */; };
		ABF0BF37C890C6A8E909992C /* SwiftDataModelTests.swift in Sources */ = {isa = PBXBuildFile; fileRef = 2AE52F788D91A165CA52C5AA /* SwiftDataModelTests.swift */; };
		ADD7CCDC3C37DC330F12A408 /* DeepLinkTests.swift in Sources */ = {isa = PBXBuildFile; fileRef = 91DF3D42184874F4F42CC512 /* DeepLinkTests.swift */; };
		B2DAA6BC451CF54279A60DAC /* MishranAPIClient.swift in Sources */ = {isa = PBXBuildFile; fileRef = AA438316FABC42993AEAC8DD /* MishranAPIClient.swift */; };
		BD20E249EB84D2D509889488 /* MishranUITests.swift in Sources */ = {isa = PBXBuildFile; fileRef = E8AD84061607513B2822EFFA /* MishranUITests.swift */; };
		BDCB0C231117C2D7A860D61E /* Router.swift in Sources */ = {isa = PBXBuildFile; fileRef = 4A1A994EB9D1587A43329B4B /* Router.swift */; };
		BDCE79859C11C7B37686B446 /* AppleSignInButton.swift in Sources */ = {isa = PBXBuildFile; fileRef = A6568E092C76DE87C87CC8B6 /* AppleSignInButton.swift */; };
		BFA7B4E72135CA7CB56F15B7 /* CatalogRepository.swift in Sources */ = {isa = PBXBuildFile; fileRef = 2ECCEF7E4112394AACFA9906 /* CatalogRepository.swift */; };
		C2EFA9133A34076358A8935B /* OTPView.swift in Sources */ = {isa = PBXBuildFile; fileRef = B404AD75DE1DA281F709981F /* OTPView.swift */; };
		D54483EDE2136689A3AA93A4 /* CatalogCache.swift in Sources */ = {isa = PBXBuildFile; fileRef = EFE2A19642D9E59D00AE0A0C /* CatalogCache.swift */; };
		D90B8AB29B8ABD84F8318EB4 /* CatalogRefreshTask.swift in Sources */ = {isa = PBXBuildFile; fileRef = CC4FB88456F99489105CD541 /* CatalogRefreshTask.swift */; };
		EE7F140846CF5EB22A6CFF6C /* KeychainHelper.swift in Sources */ = {isa = PBXBuildFile; fileRef = 74A4A9D1DB2500B7A437F297 /* KeychainHelper.swift */; };
		F04D40EE38856295308A145D /* AppleSignInCoordinator.swift in Sources */ = {isa = PBXBuildFile; fileRef = 8008BA765E8DCAF04F9892DD /* AppleSignInCoordinator.swift */; };
		F4576857819DFBE595478C4A /* PhoneEntryView.swift in Sources */ = {isa = PBXBuildFile; fileRef = 58465808FD09EC9AEA493F2D /* PhoneEntryView.swift */; };
/* End PBXBuildFile section */

/* Begin PBXContainerItemProxy section */
		4DDB153EE20D512035212B97 /* PBXContainerItemProxy */ = {
			isa = PBXContainerItemProxy;
			containerPortal = 068F6588F6E5AA439AA8F934 /* Project object */;
			proxyType = 1;
			remoteGlobalIDString = D1B295700D76C68137328D08;
			remoteInfo = Mishran;
		};
		D6FDDAC23AFC7BB1872B10D1 /* PBXContainerItemProxy */ = {
			isa = PBXContainerItemProxy;
			containerPortal = 068F6588F6E5AA439AA8F934 /* Project object */;
			proxyType = 1;
			remoteGlobalIDString = D1B295700D76C68137328D08;
			remoteInfo = Mishran;
		};
/* End PBXContainerItemProxy section */

/* Begin PBXFileReference section */
		0D6EE45F8BABD45F7382D47E /* Route.swift */ = {isa = PBXFileReference; lastKnownFileType = sourcecode.swift; path = Route.swift; sourceTree = "<group>"; };
		10B29822DDA008F5A6BAD2EB /* ModelContainerFactory.swift */ = {isa = PBXFileReference; lastKnownFileType = sourcecode.swift; path = ModelContainerFactory.swift; sourceTree = "<group>"; };
		17F6E1F7404D245F24FE9B87 /* SwiftDataModels.swift */ = {isa = PBXFileReference; lastKnownFileType = sourcecode.swift; path = SwiftDataModels.swift; sourceTree = "<group>"; };
		1DA54984EE19823EDAE55EBC /* CatalogRepositoryTests.swift */ = {isa = PBXFileReference; lastKnownFileType = sourcecode.swift; path = CatalogRepositoryTests.swift; sourceTree = "<group>"; };
		2AE52F788D91A165CA52C5AA /* SwiftDataModelTests.swift */ = {isa = PBXFileReference; lastKnownFileType = sourcecode.swift; path = SwiftDataModelTests.swift; sourceTree = "<group>"; };
		2ECCEF7E4112394AACFA9906 /* CatalogRepository.swift */ = {isa = PBXFileReference; lastKnownFileType = sourcecode.swift; path = CatalogRepository.swift; sourceTree = "<group>"; };
		38C61D8573D8238A69276ACD /* Assets.xcassets */ = {isa = PBXFileReference; lastKnownFileType = folder.assetcatalog; path = Assets.xcassets; sourceTree = "<group>"; };
		42DE5E76A474C16C34FC4633 /* APIClientTests.swift */ = {isa = PBXFileReference; lastKnownFileType = sourcecode.swift; path = APIClientTests.swift; sourceTree = "<group>"; };
		4A1A994EB9D1587A43329B4B /* Router.swift */ = {isa = PBXFileReference; lastKnownFileType = sourcecode.swift; path = Router.swift; sourceTree = "<group>"; };
		58465808FD09EC9AEA493F2D /* PhoneEntryView.swift */ = {isa = PBXFileReference; lastKnownFileType = sourcecode.swift; path = PhoneEntryView.swift; sourceTree = "<group>"; };
		5D12DD757BE134A9B7406611 /* KeychainAndBiometricTests.swift */ = {isa = PBXFileReference; lastKnownFileType = sourcecode.swift; path = KeychainAndBiometricTests.swift; sourceTree = "<group>"; };
		64620CDA70359F2FAF3E0AC9 /* NavigationUITests.swift */ = {isa = PBXFileReference; lastKnownFileType = sourcecode.swift; path = NavigationUITests.swift; sourceTree = "<group>"; };
		6D0E622CC322FD71D228D9A1 /* DTOs.swift */ = {isa = PBXFileReference; lastKnownFileType = sourcecode.swift; path = DTOs.swift; sourceTree = "<group>"; };
		74A4A9D1DB2500B7A437F297 /* KeychainHelper.swift */ = {isa = PBXFileReference; lastKnownFileType = sourcecode.swift; path = KeychainHelper.swift; sourceTree = "<group>"; };
		7ACC75BEA637550855532CA3 /* Info.plist */ = {isa = PBXFileReference; lastKnownFileType = text.plist; path = Info.plist; sourceTree = "<group>"; };
		8008BA765E8DCAF04F9892DD /* AppleSignInCoordinator.swift */ = {isa = PBXFileReference; lastKnownFileType = sourcecode.swift; path = AppleSignInCoordinator.swift; sourceTree = "<group>"; };
		91DF3D42184874F4F42CC512 /* DeepLinkTests.swift */ = {isa = PBXFileReference; lastKnownFileType = sourcecode.swift; path = DeepLinkTests.swift; sourceTree = "<group>"; };
		9676FDF11354D50F0311FE96 /* BiometricGate.swift */ = {isa = PBXFileReference; lastKnownFileType = sourcecode.swift; path = BiometricGate.swift; sourceTree = "<group>"; };
		9D530C7E3563C4D49DEF96BB /* MishranUITests.xctest */ = {isa = PBXFileReference; includeInIndex = 0; lastKnownFileType = wrapper.cfbundle; path = MishranUITests.xctest; sourceTree = BUILT_PRODUCTS_DIR; };
		9FE3F782C4272E71BD283282 /* Mishran.app */ = {isa = PBXFileReference; includeInIndex = 0; lastKnownFileType = wrapper.application; path = Mishran.app; sourceTree = BUILT_PRODUCTS_DIR; };
		A2C05DD9A4CCADB52C9273BA /* ThemeTests.swift */ = {isa = PBXFileReference; lastKnownFileType = sourcecode.swift; path = ThemeTests.swift; sourceTree = "<group>"; };
		A6568E092C76DE87C87CC8B6 /* AppleSignInButton.swift */ = {isa = PBXFileReference; lastKnownFileType = sourcecode.swift; path = AppleSignInButton.swift; sourceTree = "<group>"; };
		AA438316FABC42993AEAC8DD /* MishranAPIClient.swift */ = {isa = PBXFileReference; lastKnownFileType = sourcecode.swift; path = MishranAPIClient.swift; sourceTree = "<group>"; };
		AC83CE02DB09238F8FF3887C /* BiometricGateView.swift */ = {isa = PBXFileReference; lastKnownFileType = sourcecode.swift; path = BiometricGateView.swift; sourceTree = "<group>"; };
		B404AD75DE1DA281F709981F /* OTPView.swift */ = {isa = PBXFileReference; lastKnownFileType = sourcecode.swift; path = OTPView.swift; sourceTree = "<group>"; };
		B4E15EA367D070805A633A6C /* Authenticator.swift */ = {isa = PBXFileReference; lastKnownFileType = sourcecode.swift; path = Authenticator.swift; sourceTree = "<group>"; };
		B5D23986BE08057D412B120B /* DeepLinkHandler.swift */ = {isa = PBXFileReference; lastKnownFileType = sourcecode.swift; path = DeepLinkHandler.swift; sourceTree = "<group>"; };
		BDE71F58C13E6FF43A4F0680 /* Mishran.entitlements */ = {isa = PBXFileReference; lastKnownFileType = text.plist.entitlements; path = Mishran.entitlements; sourceTree = "<group>"; };
		BEDC8DC14F2500F2AA893CD2 /* MishranTests.xctest */ = {isa = PBXFileReference; includeInIndex = 0; lastKnownFileType = wrapper.cfbundle; path = MishranTests.xctest; sourceTree = BUILT_PRODUCTS_DIR; };
		C68431822FCFD10052C69E84 /* AuthViewModel.swift */ = {isa = PBXFileReference; lastKnownFileType = sourcecode.swift; path = AuthViewModel.swift; sourceTree = "<group>"; };
		CAED0D2ACB563E649EF0B480 /* Endpoint.swift */ = {isa = PBXFileReference; lastKnownFileType = sourcecode.swift; path = Endpoint.swift; sourceTree = "<group>"; };
		CBCD922D98E4F596E91C2BB3 /* AuthUITests.swift */ = {isa = PBXFileReference; lastKnownFileType = sourcecode.swift; path = AuthUITests.swift; sourceTree = "<group>"; };
		CC4FB88456F99489105CD541 /* CatalogRefreshTask.swift */ = {isa = PBXFileReference; lastKnownFileType = sourcecode.swift; path = CatalogRefreshTask.swift; sourceTree = "<group>"; };
		CE06CF24565A57CA9FCAA9AD /* APIError.swift */ = {isa = PBXFileReference; lastKnownFileType = sourcecode.swift; path = APIError.swift; sourceTree = "<group>"; };
		D15083CDE49B78AEB7CE5C9D /* MishranTokens.swift */ = {isa = PBXFileReference; lastKnownFileType = sourcecode.swift; path = MishranTokens.swift; sourceTree = "<group>"; };
		D1C7CF35CFC86189210BDBCE /* Mishran.xctestplan */ = {isa = PBXFileReference; path = Mishran.xctestplan; sourceTree = "<group>"; };
		D4774C4B2CF65897F30615C9 /* AuthViewModelTests.swift */ = {isa = PBXFileReference; lastKnownFileType = sourcecode.swift; path = AuthViewModelTests.swift; sourceTree = "<group>"; };
		D8DB1B710CA72B53C3537FB5 /* MishranApp.swift */ = {isa = PBXFileReference; lastKnownFileType = sourcecode.swift; path = MishranApp.swift; sourceTree = "<group>"; };
		E8AD84061607513B2822EFFA /* MishranUITests.swift */ = {isa = PBXFileReference; lastKnownFileType = sourcecode.swift; path = MishranUITests.swift; sourceTree = "<group>"; };
		ED91007C15EEF6F6939E19F7 /* MishranTheme.swift */ = {isa = PBXFileReference; lastKnownFileType = sourcecode.swift; path = MishranTheme.swift; sourceTree = "<group>"; };
		EFE2A19642D9E59D00AE0A0C /* CatalogCache.swift */ = {isa = PBXFileReference; lastKnownFileType = sourcecode.swift; path = CatalogCache.swift; sourceTree = "<group>"; };
		FB4B0CA54764C50EF5E7288E /* AppleSignInTests.swift */ = {isa = PBXFileReference; lastKnownFileType = sourcecode.swift; path = AppleSignInTests.swift; sourceTree = "<group>"; };
/* End PBXFileReference section */

/* Begin PBXGroup section */
		006873865E87C142649BE17A /* Repository */ = {
			isa = PBXGroup;
			children = (
				EFE2A19642D9E59D00AE0A0C /* CatalogCache.swift */,
				2ECCEF7E4112394AACFA9906 /* CatalogRepository.swift */,
			);
			path = Repository;
			sourceTree = "<group>";
		};
		05FE607ACE0ADE854D217AE9 /* swift */ = {
			isa = PBXGroup;
			children = (
				D15083CDE49B78AEB7CE5C9D /* MishranTokens.swift */,
			);
			name = swift;
			path = "../../packages/brand-tokens/generated/swift";
			sourceTree = "<group>";
		};
		0B5EAD862BF0AACF74D87664 /* Sync */ = {
			isa = PBXGroup;
			children = (
				CC4FB88456F99489105CD541 /* CatalogRefreshTask.swift */,
			);
			path = Sync;
			sourceTree = "<group>";
		};
		132604EA27D443488AA53EC1 /* Generated */ = {
			isa = PBXGroup;
			children = (
				05FE607ACE0ADE854D217AE9 /* swift */,
			);
			name = Generated;
			sourceTree = "<group>";
		};
		3B29749DEA5CABF32922E983 = {
			isa = PBXGroup;
			children = (
				D1C7CF35CFC86189210BDBCE /* Mishran.xctestplan */,
				132604EA27D443488AA53EC1 /* Generated */,
				B5B5DF2A3F7F9D39FBB3A74E /* Mishran */,
				F74AB2076E8EB487B7552C9F /* MishranTests */,
				6FCE1B0A562DFF922CA88B6C /* MishranUITests */,
				CEAA4CCE4A3E1D6A2C15B94B /* Products */,
			);
			sourceTree = "<group>";
		};
		4FA00A45371BA26DDBF33A0C /* Auth */ = {
			isa = PBXGroup;
			children = (
				A6568E092C76DE87C87CC8B6 /* AppleSignInButton.swift */,
				8008BA765E8DCAF04F9892DD /* AppleSignInCoordinator.swift */,
				C68431822FCFD10052C69E84 /* AuthViewModel.swift */,
				9676FDF11354D50F0311FE96 /* BiometricGate.swift */,
				AC83CE02DB09238F8FF3887C /* BiometricGateView.swift */,
				B404AD75DE1DA281F709981F /* OTPView.swift */,
				58465808FD09EC9AEA493F2D /* PhoneEntryView.swift */,
			);
			path = Auth;
			sourceTree = "<group>";
		};
		5D687E43B492F5E5BDBCFFA7 /* UI */ = {
			isa = PBXGroup;
			children = (
				4FA00A45371BA26DDBF33A0C /* Auth */,
			);
			path = UI;
			sourceTree = "<group>";
		};
		6FCE1B0A562DFF922CA88B6C /* MishranUITests */ = {
			isa = PBXGroup;
			children = (
				CBCD922D98E4F596E91C2BB3 /* AuthUITests.swift */,
				E8AD84061607513B2822EFFA /* MishranUITests.swift */,
				64620CDA70359F2FAF3E0AC9 /* NavigationUITests.swift */,
			);
			path = MishranUITests;
			sourceTree = "<group>";
		};
		83F9AD1D5FF3891E471A09B6 /* Navigation */ = {
			isa = PBXGroup;
			children = (
				B5D23986BE08057D412B120B /* DeepLinkHandler.swift */,
				0D6EE45F8BABD45F7382D47E /* Route.swift */,
				4A1A994EB9D1587A43329B4B /* Router.swift */,
			);
			path = Navigation;
			sourceTree = "<group>";
		};
		B5B5DF2A3F7F9D39FBB3A74E /* Mishran */ = {
			isa = PBXGroup;
			children = (
				38C61D8573D8238A69276ACD /* Assets.xcassets */,
				7ACC75BEA637550855532CA3 /* Info.plist */,
				BDE71F58C13E6FF43A4F0680 /* Mishran.entitlements */,
				D8DB1B710CA72B53C3537FB5 /* MishranApp.swift */,
				B6BBCFE354652AF6E8CADEAD /* Data */,
				83F9AD1D5FF3891E471A09B6 /* Navigation */,
				D9E82DA9C05F8170E3E9720D /* Theme */,
				5D687E43B492F5E5BDBCFFA7 /* UI */,
			);
			path = Mishran;
			sourceTree = "<group>";
		};
		B6BBCFE354652AF6E8CADEAD /* Data */ = {
			isa = PBXGroup;
			children = (
				C0D924D8E7A4AC5DACD9B320 /* Local */,
				F6DB868975A4954DEFEBC782 /* Remote */,
				006873865E87C142649BE17A /* Repository */,
				0B5EAD862BF0AACF74D87664 /* Sync */,
			);
			path = Data;
			sourceTree = "<group>";
		};
		C0D924D8E7A4AC5DACD9B320 /* Local */ = {
			isa = PBXGroup;
			children = (
				74A4A9D1DB2500B7A437F297 /* KeychainHelper.swift */,
				10B29822DDA008F5A6BAD2EB /* ModelContainerFactory.swift */,
				17F6E1F7404D245F24FE9B87 /* SwiftDataModels.swift */,
			);
			path = Local;
			sourceTree = "<group>";
		};
		CEAA4CCE4A3E1D6A2C15B94B /* Products */ = {
			isa = PBXGroup;
			children = (
				9FE3F782C4272E71BD283282 /* Mishran.app */,
				BEDC8DC14F2500F2AA893CD2 /* MishranTests.xctest */,
				9D530C7E3563C4D49DEF96BB /* MishranUITests.xctest */,
			);
			name = Products;
			sourceTree = "<group>";
		};
		D9E82DA9C05F8170E3E9720D /* Theme */ = {
			isa = PBXGroup;
			children = (
				ED91007C15EEF6F6939E19F7 /* MishranTheme.swift */,
			);
			path = Theme;
			sourceTree = "<group>";
		};
		F6DB868975A4954DEFEBC782 /* Remote */ = {
			isa = PBXGroup;
			children = (
				CE06CF24565A57CA9FCAA9AD /* APIError.swift */,
				B4E15EA367D070805A633A6C /* Authenticator.swift */,
				6D0E622CC322FD71D228D9A1 /* DTOs.swift */,
				CAED0D2ACB563E649EF0B480 /* Endpoint.swift */,
				AA438316FABC42993AEAC8DD /* MishranAPIClient.swift */,
			);
			path = Remote;
			sourceTree = "<group>";
		};
		F74AB2076E8EB487B7552C9F /* MishranTests */ = {
			isa = PBXGroup;
			children = (
				42DE5E76A474C16C34FC4633 /* APIClientTests.swift */,
				FB4B0CA54764C50EF5E7288E /* AppleSignInTests.swift */,
				D4774C4B2CF65897F30615C9 /* AuthViewModelTests.swift */,
				1DA54984EE19823EDAE55EBC /* CatalogRepositoryTests.swift */,
				91DF3D42184874F4F42CC512 /* DeepLinkTests.swift */,
				5D12DD757BE134A9B7406611 /* KeychainAndBiometricTests.swift */,
				2AE52F788D91A165CA52C5AA /* SwiftDataModelTests.swift */,
				A2C05DD9A4CCADB52C9273BA /* ThemeTests.swift */,
			);
			path = MishranTests;
			sourceTree = "<group>";
		};
/* End PBXGroup section */

/* Begin PBXNativeTarget section */
		2C49B580602E129C08366052 /* MishranUITests */ = {
			isa = PBXNativeTarget;
			buildConfigurationList = A43B2F153A481A9D0A26267F /* Build configuration list for PBXNativeTarget "MishranUITests" */;
			buildPhases = (
				30F6188B44BE5ED3FA15661D /* Sources */,
			);
			buildRules = (
			);
			dependencies = (
				85D45F8570359B26880A3BD7 /* PBXTargetDependency */,
			);
			name = MishranUITests;
			packageProductDependencies = (
			);
			productName = MishranUITests;
			productReference = 9D530C7E3563C4D49DEF96BB /* MishranUITests.xctest */;
			productType = "com.apple.product-type.bundle.ui-testing";
		};
		5AC9D4BAA9624C10E8CE992B /* MishranTests */ = {
			isa = PBXNativeTarget;
			buildConfigurationList = E03A21A786D3442E63F717CA /* Build configuration list for PBXNativeTarget "MishranTests" */;
			buildPhases = (
				BD1143CB804070E686AE66F8 /* Sources */,
			);
			buildRules = (
			);
			dependencies = (
				39693A26B470F2C6FB649FA2 /* PBXTargetDependency */,
			);
			name = MishranTests;
			packageProductDependencies = (
			);
			productName = MishranTests;
			productReference = BEDC8DC14F2500F2AA893CD2 /* MishranTests.xctest */;
			productType = "com.apple.product-type.bundle.unit-test";
		};
		D1B295700D76C68137328D08 /* Mishran */ = {
			isa = PBXNativeTarget;
			buildConfigurationList = 27EA8B3190FDED195FC41B90 /* Build configuration list for PBXNativeTarget "Mishran" */;
			buildPhases = (
				7453360AB9162D9E0B5671C8 /* Sources */,
				FDB4F1096A02DB0888F80F9E /* Resources */,
			);
			buildRules = (
			);
			dependencies = (
			);
			name = Mishran;
			packageProductDependencies = (
			);
			productName = Mishran;
			productReference = 9FE3F782C4272E71BD283282 /* Mishran.app */;
			productType = "com.apple.product-type.application";
		};
/* End PBXNativeTarget section */

/* Begin PBXProject section */
		068F6588F6E5AA439AA8F934 /* Project object */ = {
			isa = PBXProject;
			attributes = {
				BuildIndependentTargetsInParallel = YES;
				LastUpgradeCheck = 1430;
				TargetAttributes = {
					2C49B580602E129C08366052 = {
						ProvisioningStyle = Automatic;
						TestTargetID = D1B295700D76C68137328D08;
					};
					5AC9D4BAA9624C10E8CE992B = {
						ProvisioningStyle = Automatic;
					};
					D1B295700D76C68137328D08 = {
						ProvisioningStyle = Automatic;
					};
				};
			};
			buildConfigurationList = 4AED9ECFCF315B3DBDBE37BF /* Build configuration list for PBXProject "Mishran" */;
			developmentRegion = en;
			hasScannedForEncodings = 0;
			knownRegions = (
				Base,
				en,
			);
			mainGroup = 3B29749DEA5CABF32922E983;
			minimizedProjectReferenceProxies = 1;
			preferredProjectObjectVersion = 77;
			productRefGroup = CEAA4CCE4A3E1D6A2C15B94B /* Products */;
			projectDirPath = "";
			projectRoot = "";
			targets = (
				D1B295700D76C68137328D08 /* Mishran */,
				2C49B580602E129C08366052 /* MishranUITests */,
				5AC9D4BAA9624C10E8CE992B /* MishranTests */,
			);
		};
/* End PBXProject section */

/* Begin PBXResourcesBuildPhase section */
		FDB4F1096A02DB0888F80F9E /* Resources */ = {
			isa = PBXResourcesBuildPhase;
			buildActionMask = 2147483647;
			files = (
				9FD03ADFDD9C9409D7C60BF2 /* Assets.xcassets in Resources */,
			);
			runOnlyForDeploymentPostprocessing = 0;
		};
/* End PBXResourcesBuildPhase section */

/* Begin PBXSourcesBuildPhase section */
		30F6188B44BE5ED3FA15661D /* Sources */ = {
			isa = PBXSourcesBuildPhase;
			buildActionMask = 2147483647;
			files = (
				9F0470D37E60CB3A0B5F97A1 /* AuthUITests.swift in Sources */,
				BD20E249EB84D2D509889488 /* MishranUITests.swift in Sources */,
				01426908FD705FCA1750E7E6 /* NavigationUITests.swift in Sources */,
			);
			runOnlyForDeploymentPostprocessing = 0;
		};
		7453360AB9162D9E0B5671C8 /* Sources */ = {
			isa = PBXSourcesBuildPhase;
			buildActionMask = 2147483647;
			files = (
				A3985EE883EE06FF0E9483AD /* APIError.swift in Sources */,
				BDCE79859C11C7B37686B446 /* AppleSignInButton.swift in Sources */,
				F04D40EE38856295308A145D /* AppleSignInCoordinator.swift in Sources */,
				9C9AFBD5F27AE26EBF166126 /* AuthViewModel.swift in Sources */,
				11E5D63EF7D33F646CFE7B67 /* Authenticator.swift in Sources */,
				4CE6542461877B26241C34F3 /* BiometricGate.swift in Sources */,
				5241D9593377B8F8C42420FC /* BiometricGateView.swift in Sources */,
				D54483EDE2136689A3AA93A4 /* CatalogCache.swift in Sources */,
				D90B8AB29B8ABD84F8318EB4 /* CatalogRefreshTask.swift in Sources */,
				BFA7B4E72135CA7CB56F15B7 /* CatalogRepository.swift in Sources */,
				5DCF00EBFACD0A6E0F37D9DF /* DTOs.swift in Sources */,
				6B2A9A756E587C152AC0F7D2 /* DeepLinkHandler.swift in Sources */,
				83973606D789D3E21B7B8528 /* Endpoint.swift in Sources */,
				EE7F140846CF5EB22A6CFF6C /* KeychainHelper.swift in Sources */,
				B2DAA6BC451CF54279A60DAC /* MishranAPIClient.swift in Sources */,
				8E2667EF644522F496C20C20 /* MishranApp.swift in Sources */,
				50179D7DB34E1CE9D50AB3E7 /* MishranTheme.swift in Sources */,
				84F381E7BA4D6C9C295196A1 /* MishranTokens.swift in Sources */,
				95803D6C83C1B4DC3A1E71E4 /* ModelContainerFactory.swift in Sources */,
				C2EFA9133A34076358A8935B /* OTPView.swift in Sources */,
				F4576857819DFBE595478C4A /* PhoneEntryView.swift in Sources */,
				8C167D518B491CBC4E136210 /* Route.swift in Sources */,
				BDCB0C231117C2D7A860D61E /* Router.swift in Sources */,
				88D4B0C4E1A3F32E8BCC7E30 /* SwiftDataModels.swift in Sources */,
			);
			runOnlyForDeploymentPostprocessing = 0;
		};
		BD1143CB804070E686AE66F8 /* Sources */ = {
			isa = PBXSourcesBuildPhase;
			buildActionMask = 2147483647;
			files = (
				761CCC593D07CFC0546F0BA0 /* APIClientTests.swift in Sources */,
				9E4748531BA06BC94A2C484F /* AppleSignInTests.swift in Sources */,
				59B2B9B58C01BA97CC40881D /* AuthViewModelTests.swift in Sources */,
				425D41BA0C51A30BEAB5B3DD /* CatalogRepositoryTests.swift in Sources */,
				ADD7CCDC3C37DC330F12A408 /* DeepLinkTests.swift in Sources */,
				0F8936B3B493D50EC8605D2E /* KeychainAndBiometricTests.swift in Sources */,
				ABF0BF37C890C6A8E909992C /* SwiftDataModelTests.swift in Sources */,
				333556C8D78846566DF80474 /* ThemeTests.swift in Sources */,
			);
			runOnlyForDeploymentPostprocessing = 0;
		};
/* End PBXSourcesBuildPhase section */

/* Begin PBXTargetDependency section */
		39693A26B470F2C6FB649FA2 /* PBXTargetDependency */ = {
			isa = PBXTargetDependency;
			target = D1B295700D76C68137328D08 /* Mishran */;
			targetProxy = D6FDDAC23AFC7BB1872B10D1 /* PBXContainerItemProxy */;
		};
		85D45F8570359B26880A3BD7 /* PBXTargetDependency */ = {
			isa = PBXTargetDependency;
			target = D1B295700D76C68137328D08 /* Mishran */;
			targetProxy = 4DDB153EE20D512035212B97 /* PBXContainerItemProxy */;
		};
/* End PBXTargetDependency section */

/* Begin XCBuildConfiguration section */
		193366255096BBE557B1F47B /* Release */ = {
			isa = XCBuildConfiguration;
			buildSettings = {
				BUNDLE_LOADER = "$(TEST_HOST)";
				GENERATE_INFOPLIST_FILE = YES;
				LD_RUNPATH_SEARCH_PATHS = (
					"$(inherited)",
					"@executable_path/Frameworks",
					"@loader_path/Frameworks",
				);
				PRODUCT_BUNDLE_IDENTIFIER = com.mishran.MishranUITests;
				SDKROOT = iphoneos;
				TARGETED_DEVICE_FAMILY = "1,2";
				TEST_TARGET_NAME = Mishran;
			};
			name = Release;
		};
		333743F83372DA091D861B9B /* Debug */ = {
			isa = XCBuildConfiguration;
			buildSettings = {
				BUNDLE_LOADER = "$(TEST_HOST)";
				GENERATE_INFOPLIST_FILE = YES;
				LD_RUNPATH_SEARCH_PATHS = (
					"$(inherited)",
					"@executable_path/Frameworks",
					"@loader_path/Frameworks",
				);
				PRODUCT_BUNDLE_IDENTIFIER = com.mishran.MishranUITests;
				SDKROOT = iphoneos;
				TARGETED_DEVICE_FAMILY = "1,2";
				TEST_TARGET_NAME = Mishran;
			};
			name = Debug;
		};
		33C4A4D4E0ECBE3C43A6A479 /* Debug */ = {
			isa = XCBuildConfiguration;
			buildSettings = {
				ASSETCATALOG_COMPILER_APPICON_NAME = AppIcon;
				CODE_SIGN_ENTITLEMENTS = Mishran/Mishran.entitlements;
				CODE_SIGN_IDENTITY = "iPhone Developer";
				INFOPLIST_FILE = Mishran/Info.plist;
				LD_RUNPATH_SEARCH_PATHS = (
					"$(inherited)",
					"@executable_path/Frameworks",
				);
				PRODUCT_BUNDLE_IDENTIFIER = com.mishran.app;
				SDKROOT = iphoneos;
				TARGETED_DEVICE_FAMILY = 1;
			};
			name = Debug;
		};
		4488D2A72AFEB68FA4478A0D /* Debug */ = {
			isa = XCBuildConfiguration;
			buildSettings = {
				BUNDLE_LOADER = "$(TEST_HOST)";
				GENERATE_INFOPLIST_FILE = YES;
				LD_RUNPATH_SEARCH_PATHS = (
					"$(inherited)",
					"@executable_path/Frameworks",
					"@loader_path/Frameworks",
				);
				PRODUCT_BUNDLE_IDENTIFIER = com.mishran.MishranTests;
				SDKROOT = iphoneos;
				TARGETED_DEVICE_FAMILY = "1,2";
				TEST_HOST = "$(BUILT_PRODUCTS_DIR)/Mishran.app/Mishran";
			};
			name = Debug;
		};
		473FD913BD826B80C0963060 /* Release */ = {
			isa = XCBuildConfiguration;
			buildSettings = {
				ASSETCATALOG_COMPILER_APPICON_NAME = AppIcon;
				CODE_SIGN_ENTITLEMENTS = Mishran/Mishran.entitlements;
				CODE_SIGN_IDENTITY = "iPhone Developer";
				INFOPLIST_FILE = Mishran/Info.plist;
				LD_RUNPATH_SEARCH_PATHS = (
					"$(inherited)",
					"@executable_path/Frameworks",
				);
				PRODUCT_BUNDLE_IDENTIFIER = com.mishran.app;
				SDKROOT = iphoneos;
				TARGETED_DEVICE_FAMILY = 1;
			};
			name = Release;
		};
		54F9A646263656F71EE44FE8 /* Release */ = {
			isa = XCBuildConfiguration;
			buildSettings = {
				BUNDLE_LOADER = "$(TEST_HOST)";
				GENERATE_INFOPLIST_FILE = YES;
				LD_RUNPATH_SEARCH_PATHS = (
					"$(inherited)",
					"@executable_path/Frameworks",
					"@loader_path/Frameworks",
				);
				PRODUCT_BUNDLE_IDENTIFIER = com.mishran.MishranTests;
				SDKROOT = iphoneos;
				TARGETED_DEVICE_FAMILY = "1,2";
				TEST_HOST = "$(BUILT_PRODUCTS_DIR)/Mishran.app/Mishran";
			};
			name = Release;
		};
		B9992C26BF51DB96EC658F0C /* Release */ = {
			isa = XCBuildConfiguration;
			buildSettings = {
				ALWAYS_SEARCH_USER_PATHS = NO;
				CLANG_ANALYZER_NONNULL = YES;
				CLANG_ANALYZER_NUMBER_OBJECT_CONVERSION = YES_AGGRESSIVE;
				CLANG_CXX_LANGUAGE_STANDARD = "gnu++14";
				CLANG_CXX_LIBRARY = "libc++";
				CLANG_ENABLE_MODULES = YES;
				CLANG_ENABLE_OBJC_ARC = YES;
				CLANG_ENABLE_OBJC_WEAK = YES;
				CLANG_WARN_BLOCK_CAPTURE_AUTORELEASING = YES;
				CLANG_WARN_BOOL_CONVERSION = YES;
				CLANG_WARN_COMMA = YES;
				CLANG_WARN_CONSTANT_CONVERSION = YES;
				CLANG_WARN_DEPRECATED_OBJC_IMPLEMENTATIONS = YES;
				CLANG_WARN_DIRECT_OBJC_ISA_USAGE = YES_ERROR;
				CLANG_WARN_DOCUMENTATION_COMMENTS = YES;
				CLANG_WARN_EMPTY_BODY = YES;
				CLANG_WARN_ENUM_CONVERSION = YES;
				CLANG_WARN_INFINITE_RECURSION = YES;
				CLANG_WARN_INT_CONVERSION = YES;
				CLANG_WARN_NON_LITERAL_NULL_CONVERSION = YES;
				CLANG_WARN_OBJC_IMPLICIT_RETAIN_SELF = YES;
				CLANG_WARN_OBJC_LITERAL_CONVERSION = YES;
				CLANG_WARN_OBJC_ROOT_CLASS = YES_ERROR;
				CLANG_WARN_QUOTED_INCLUDE_IN_FRAMEWORK_HEADER = YES;
				CLANG_WARN_RANGE_LOOP_ANALYSIS = YES;
				CLANG_WARN_STRICT_PROTOTYPES = YES;
				CLANG_WARN_SUSPICIOUS_MOVE = YES;
				CLANG_WARN_UNGUARDED_AVAILABILITY = YES_AGGRESSIVE;
				CLANG_WARN_UNREACHABLE_CODE = YES;
				CLANG_WARN__DUPLICATE_METHOD_MATCH = YES;
				CODE_SIGN_IDENTITY = "-";
				CODE_SIGN_STYLE = Automatic;
				COPY_PHASE_STRIP = NO;
				DEBUG_INFORMATION_FORMAT = "dwarf-with-dsym";
				ENABLE_NS_ASSERTIONS = NO;
				ENABLE_STRICT_OBJC_MSGSEND = YES;
				GCC_C_LANGUAGE_STANDARD = gnu11;
				GCC_NO_COMMON_BLOCKS = YES;
				GCC_WARN_64_TO_32_BIT_CONVERSION = YES;
				GCC_WARN_ABOUT_RETURN_TYPE = YES_ERROR;
				GCC_WARN_UNDECLARED_SELECTOR = YES;
				GCC_WARN_UNINITIALIZED_AUTOS = YES_AGGRESSIVE;
				GCC_WARN_UNUSED_FUNCTION = YES;
				GCC_WARN_UNUSED_VARIABLE = YES;
				IPHONEOS_DEPLOYMENT_TARGET = 17.0;
				MTL_ENABLE_DEBUG_INFO = NO;
				MTL_FAST_MATH = YES;
				PRODUCT_NAME = "$(TARGET_NAME)";
				SDKROOT = iphoneos;
				SWIFT_COMPILATION_MODE = wholemodule;
				SWIFT_OPTIMIZATION_LEVEL = "-O";
				SWIFT_VERSION = 5.10;
			};
			name = Release;
		};
		F25864720AE3EF36D3D3F0D5 /* Debug */ = {
			isa = XCBuildConfiguration;
			buildSettings = {
				ALWAYS_SEARCH_USER_PATHS = NO;
				CLANG_ANALYZER_NONNULL = YES;
				CLANG_ANALYZER_NUMBER_OBJECT_CONVERSION = YES_AGGRESSIVE;
				CLANG_CXX_LANGUAGE_STANDARD = "gnu++14";
				CLANG_CXX_LIBRARY = "libc++";
				CLANG_ENABLE_MODULES = YES;
				CLANG_ENABLE_OBJC_ARC = YES;
				CLANG_ENABLE_OBJC_WEAK = YES;
				CLANG_WARN_BLOCK_CAPTURE_AUTORELEASING = YES;
				CLANG_WARN_BOOL_CONVERSION = YES;
				CLANG_WARN_COMMA = YES;
				CLANG_WARN_CONSTANT_CONVERSION = YES;
				CLANG_WARN_DEPRECATED_OBJC_IMPLEMENTATIONS = YES;
				CLANG_WARN_DIRECT_OBJC_ISA_USAGE = YES_ERROR;
				CLANG_WARN_DOCUMENTATION_COMMENTS = YES;
				CLANG_WARN_EMPTY_BODY = YES;
				CLANG_WARN_ENUM_CONVERSION = YES;
				CLANG_WARN_INFINITE_RECURSION = YES;
				CLANG_WARN_INT_CONVERSION = YES;
				CLANG_WARN_NON_LITERAL_NULL_CONVERSION = YES;
				CLANG_WARN_OBJC_IMPLICIT_RETAIN_SELF = YES;
				CLANG_WARN_OBJC_LITERAL_CONVERSION = YES;
				CLANG_WARN_OBJC_ROOT_CLASS = YES_ERROR;
				CLANG_WARN_QUOTED_INCLUDE_IN_FRAMEWORK_HEADER = YES;
				CLANG_WARN_RANGE_LOOP_ANALYSIS = YES;
				CLANG_WARN_STRICT_PROTOTYPES = YES;
				CLANG_WARN_SUSPICIOUS_MOVE = YES;
				CLANG_WARN_UNGUARDED_AVAILABILITY = YES_AGGRESSIVE;
				CLANG_WARN_UNREACHABLE_CODE = YES;
				CLANG_WARN__DUPLICATE_METHOD_MATCH = YES;
				CODE_SIGN_IDENTITY = "-";
				CODE_SIGN_STYLE = Automatic;
				COPY_PHASE_STRIP = NO;
				DEBUG_INFORMATION_FORMAT = dwarf;
				ENABLE_STRICT_OBJC_MSGSEND = YES;
				ENABLE_TESTABILITY = YES;
				GCC_C_LANGUAGE_STANDARD = gnu11;
				GCC_DYNAMIC_NO_PIC = NO;
				GCC_NO_COMMON_BLOCKS = YES;
				GCC_OPTIMIZATION_LEVEL = 0;
				GCC_PREPROCESSOR_DEFINITIONS = (
					"$(inherited)",
					"DEBUG=1",
				);
				GCC_WARN_64_TO_32_BIT_CONVERSION = YES;
				GCC_WARN_ABOUT_RETURN_TYPE = YES_ERROR;
				GCC_WARN_UNDECLARED_SELECTOR = YES;
				GCC_WARN_UNINITIALIZED_AUTOS = YES_AGGRESSIVE;
				GCC_WARN_UNUSED_FUNCTION = YES;
				GCC_WARN_UNUSED_VARIABLE = YES;
				IPHONEOS_DEPLOYMENT_TARGET = 17.0;
				MTL_ENABLE_DEBUG_INFO = INCLUDE_SOURCE;
				MTL_FAST_MATH = YES;
				ONLY_ACTIVE_ARCH = YES;
				PRODUCT_NAME = "$(TARGET_NAME)";
				SDKROOT = iphoneos;
				SWIFT_ACTIVE_COMPILATION_CONDITIONS = DEBUG;
				SWIFT_OPTIMIZATION_LEVEL = "-Onone";
				SWIFT_VERSION = 5.10;
			};
			name = Debug;
		};
/* End XCBuildConfiguration section */

/* Begin XCConfigurationList section */
		27EA8B3190FDED195FC41B90 /* Build configuration list for PBXNativeTarget "Mishran" */ = {
			isa = XCConfigurationList;
			buildConfigurations = (
				33C4A4D4E0ECBE3C43A6A479 /* Debug */,
				473FD913BD826B80C0963060 /* Release */,
			);
			defaultConfigurationIsVisible = 0;
			defaultConfigurationName = Debug;
		};
		4AED9ECFCF315B3DBDBE37BF /* Build configuration list for PBXProject "Mishran" */ = {
			isa = XCConfigurationList;
			buildConfigurations = (
				F25864720AE3EF36D3D3F0D5 /* Debug */,
				B9992C26BF51DB96EC658F0C /* Release */,
			);
			defaultConfigurationIsVisible = 0;
			defaultConfigurationName = Debug;
		};
		A43B2F153A481A9D0A26267F /* Build configuration list for PBXNativeTarget "MishranUITests" */ = {
			isa = XCConfigurationList;
			buildConfigurations = (
				333743F83372DA091D861B9B /* Debug */,
				193366255096BBE557B1F47B /* Release */,
			);
			defaultConfigurationIsVisible = 0;
			defaultConfigurationName = Debug;
		};
		E03A21A786D3442E63F717CA /* Build configuration list for PBXNativeTarget "MishranTests" */ = {
			isa = XCConfigurationList;
			buildConfigurations = (
				4488D2A72AFEB68FA4478A0D /* Debug */,
				54F9A646263656F71EE44FE8 /* Release */,
			);
			defaultConfigurationIsVisible = 0;
			defaultConfigurationName = Debug;
		};
/* End XCConfigurationList section */
	};
	rootObject = 068F6588F6E5AA439AA8F934 /* Project object */;
}
