// !$*UTF8*$!
{
	archiveVersion = 1;
	classes = {
	};
	objectVersion = 77;
	objects = {

/* Begin PBXBuildFile section */
		008833B3100CE7B3B60E977D /* LiveActivityManagerTests.swift in Sources */ = {isa = PBXBuildFile; fileRef = D75EF5D7129E77F29075ACA6 /* LiveActivityManagerTests.swift */; };
		01426908FD705FCA1750E7E6 /* NavigationUITests.swift in Sources */ = {isa = PBXBuildFile; fileRef = 64620CDA70359F2FAF3E0AC9 /* NavigationUITests.swift */; };
		040407FBCA86270831AB6065 /* CatalogViewModel.swift in Sources */ = {isa = PBXBuildFile; fileRef = 5AA52F7BFE031ED8E4342964 /* CatalogViewModel.swift */; };
		05B5B4F2503A3175CC8E60C6 /* EnquiryView.swift in Sources */ = {isa = PBXBuildFile; fileRef = 2584F0BB6B155A1C8E473AF3 /* EnquiryView.swift */; };
		0823B05C7F0CC88D994A7B59 /* OrderDetailViewModel.swift in Sources */ = {isa = PBXBuildFile; fileRef = 6836CBCA9A6BB2BBD587BF74 /* OrderDetailViewModel.swift */; };
		0BB50EF4FF9169EB606587D8 /* RazorpayCoordinatorTests.swift in Sources */ = {isa = PBXBuildFile; fileRef = 82730F53B7A9C3AE55E3ADCD /* RazorpayCoordinatorTests.swift */; };
		0F8936B3B493D50EC8605D2E /* KeychainAndBiometricTests.swift in Sources */ = {isa = PBXBuildFile; fileRef = 5D12DD757BE134A9B7406611 /* KeychainAndBiometricTests.swift */; };
		11E5D63EF7D33F646CFE7B67 /* Authenticator.swift in Sources */ = {isa = PBXBuildFile; fileRef = B4E15EA367D070805A633A6C /* Authenticator.swift */; };
		123C7729529020F117F69B2E /* CartBadgeTests.swift in Sources */ = {isa = PBXBuildFile; fileRef = 1EBE2E36C2FF8DB8FE4C528E /* CartBadgeTests.swift */; };
		16AFAC411B397963C72D750C /* CheckoutViewModelTests.swift in Sources */ = {isa = PBXBuildFile; fileRef = 608A8F33A9B70154DC268F53 /* CheckoutViewModelTests.swift */; };
		181AFB73EFEAD306391C9EF1 /* PushDelegate.swift in Sources */ = {isa = PBXBuildFile; fileRef = 1CCD1EFAEB38141845913FEA /* PushDelegate.swift */; };
		186A3AB14234585B0DCF8957 /* LiveActivityManager.swift in Sources */ = {isa = PBXBuildFile; fileRef = 9B0148C12898D2AEFEC886FA /* LiveActivityManager.swift */; };
		18EFBFC5A9380E44FA16AD3A /* StoriesView.swift in Sources */ = {isa = PBXBuildFile; fileRef = 5F7313F610F6C0620B8BE661 /* StoriesView.swift */; };
		1C98AAE7ACFC4EE56EB25B9F /* LoyaltyPassTests.swift in Sources */ = {isa = PBXBuildFile; fileRef = 4AD2938F9587022374A9DE29 /* LoyaltyPassTests.swift */; };
		204DB3D2D023360D50D1E607 /* DeliveryAttributes.swift in Sources */ = {isa = PBXBuildFile; fileRef = 824C93F1D0932E5DEA6A05C8 /* DeliveryAttributes.swift */; };
		21FCA903AF3964A11D1505F9 /* CatalogSortTests.swift in Sources */ = {isa = PBXBuildFile; fileRef = 5E023DB28BA92429906660F0 /* CatalogSortTests.swift */; };
		2357C333BC70625232AB201B /* LoyaltyPassManager.swift in Sources */ = {isa = PBXBuildFile; fileRef = E647812BF809A66F85E2B52E /* LoyaltyPassManager.swift */; };
		23A239703DE20415072B8E80 /* CheckoutViewModel.swift in Sources */ = {isa = PBXBuildFile; fileRef = 60104183AB6B52BD81194EF5 /* CheckoutViewModel.swift */; };
		25C19354A1430F709BA572A3 /* ProductDetailView.swift in Sources */ = {isa = PBXBuildFile; fileRef = 057EA831416672A410B8A983 /* ProductDetailView.swift */; };
		274321063DC6FE5E8BCE2D14 /* RevocationFlowUITest.swift in Sources */ = {isa = PBXBuildFile; fileRef = C59BEECC5B82F1F33C74B8B9 /* RevocationFlowUITest.swift */; };
		277FEF28E047946FE3822918 /* HomeView.swift in Sources */ = {isa = PBXBuildFile; fileRef = 342A6835314B7C6289AA6956 /* HomeView.swift */; };
		27C09CF0B1B1AFB09C57CC68 /* BrandRepository.swift in Sources */ = {isa = PBXBuildFile; fileRef = DDBCB411FFB0558E84C2CF23 /* BrandRepository.swift */; };
		2AB9978216CC1BCD54178B3E /* BuyNowButton.swift in Sources */ = {isa = PBXBuildFile; fileRef = 0D7373C10CB51D179ED6EB5D /* BuyNowButton.swift */; };
		2BC0F57BFA2F8EFBC2209A3E /* ProductCardInitTests.swift in Sources */ = {isa = PBXBuildFile; fileRef = 21A85AB2A6DDC20144358071 /* ProductCardInitTests.swift */; };
		2C670DF4681C96FA400B0247 /* AddressRepositoryTests.swift in Sources */ = {isa = PBXBuildFile; fileRef = F5B0F8EDE61B40874068063A /* AddressRepositoryTests.swift */; };
		2EC6514792A73316221064A5 /* DeliveryCheckTests.swift in Sources */ = {isa = PBXBuildFile; fileRef = E82C82D7602C5C90E782835C /* DeliveryCheckTests.swift */; };
		315E701EE458F89C88DE27C1 /* ProductDetailViewModelTests.swift in Sources */ = {isa = PBXBuildFile; fileRef = A48A5980852C073E51B9FBFF /* ProductDetailViewModelTests.swift */; };
		333556C8D78846566DF80474 /* ThemeTests.swift in Sources */ = {isa = PBXBuildFile; fileRef = A2C05DD9A4CCADB52C9273BA /* ThemeTests.swift */; };
		34014DFD934F2F578137ECFF /* AddressPicker.swift in Sources */ = {isa = PBXBuildFile; fileRef = 69EF5FFF260D8EBC69A3ED5A /* AddressPicker.swift */; };
		389BA5B11E0A7581FAB38E9C /* EnquiryViewModel.swift in Sources */ = {isa = PBXBuildFile; fileRef = FB2D5CCEC82A98E8B9673E0B /* EnquiryViewModel.swift */; };
		3B37B227CCC16B07DB05BB90 /* HomeViewModelTests.swift in Sources */ = {isa = PBXBuildFile; fileRef = 0560626CB3904256FA3B6F7D /* HomeViewModelTests.swift */; };
		3B9C5158DBB467780360AF16 /* AccountView.swift in Sources */ = {isa = PBXBuildFile; fileRef = 182B18816247C3A1DF844972 /* AccountView.swift */; };
		3C6BBC4702DF7FD8E6EDC2C2 /* VerticalCatalogViewModelTests.swift in Sources */ = {isa = PBXBuildFile; fileRef = CA8FDA1C41F05C1B08848412 /* VerticalCatalogViewModelTests.swift */; };
		3D85B820AC503DDE3B98F92B /* CountryPickerSheet.swift in Sources */ = {isa = PBXBuildFile; fileRef = 67D0C6C11D7C185ADC27F041 /* CountryPickerSheet.swift */; };
		3FAA8FDEBCBA2525DDDE120D /* ProductDetailViewModel.swift in Sources */ = {isa = PBXBuildFile; fileRef = 3958B3310C55B430C1A8788B /* ProductDetailViewModel.swift */; };
		425D41BA0C51A30BEAB5B3DD /* CatalogRepositoryTests.swift in Sources */ = {isa = PBXBuildFile; fileRef = 1DA54984EE19823EDAE55EBC /* CatalogRepositoryTests.swift */; };
		42AD67CE5DCFB830108782EB /* MerchDetailView.swift in Sources */ = {isa = PBXBuildFile; fileRef = 7CD29D81E58338EE216FD8BF /* MerchDetailView.swift */; };
		431098FAAAC6DDA91BB77D42 /* PaymentMethodPicker.swift in Sources */ = {isa = PBXBuildFile; fileRef = 216B46F1EBE74875531A80EE /* PaymentMethodPicker.swift */; };
		475CFEE377A5A4F6B10BF9A1 /* CheckoutView.swift in Sources */ = {isa = PBXBuildFile; fileRef = 5384924CE7B94056D974BAAC /* CheckoutView.swift */; };
		4AA2F3F6C4ACEBDFEE3EDEE4 /* AddressFormView.swift in Sources */ = {isa = PBXBuildFile; fileRef = 7DD2715A504BAE8D7F50088F /* AddressFormView.swift */; };
		4B09DB81AF02B025438B4A9F /* AddressRepository.swift in Sources */ = {isa = PBXBuildFile; fileRef = C3527E6019949F8428C82111 /* AddressRepository.swift */; };
		4CE6542461877B26241C34F3 /* BiometricGate.swift in Sources */ = {isa = PBXBuildFile; fileRef = 9676FDF11354D50F0311FE96 /* BiometricGate.swift */; };
		4F6C1E832023348299D2C8F4 /* VerticalsRepository.swift in Sources */ = {isa = PBXBuildFile; fileRef = 2E097B87373AE9CAE82E8B96 /* VerticalsRepository.swift */; };
		50179D7DB34E1CE9D50AB3E7 /* MishranTheme.swift in Sources */ = {isa = PBXBuildFile; fileRef = ED91007C15EEF6F6939E19F7 /* MishranTheme.swift */; };
		5241D9593377B8F8C42420FC /* BiometricGateView.swift in Sources */ = {isa = PBXBuildFile; fileRef = AC83CE02DB09238F8FF3887C /* BiometricGateView.swift */; };
		53203434869422078F3DE858 /* PackSizes.swift in Sources */ = {isa = PBXBuildFile; fileRef = FD1423E34F3172EC4F74A8C0 /* PackSizes.swift */; };
		553B92FAB1782E1A59209C7A /* StoryReaderView.swift in Sources */ = {isa = PBXBuildFile; fileRef = A1788F125B460F96BB7E6C4F /* StoryReaderView.swift */; };
		558A0AF3CAC117F0B0B3D84C /* DeviceRegistrar.swift in Sources */ = {isa = PBXBuildFile; fileRef = 9CF55A83645C40970E80C152 /* DeviceRegistrar.swift */; };
		55B5E36F28677277EF82E7FB /* PackSizePicker.swift in Sources */ = {isa = PBXBuildFile; fileRef = 527447227CF3E458EFB401BA /* PackSizePicker.swift */; };
		574C9AB932A24DF992905FBD /* CartViewModelTests.swift in Sources */ = {isa = PBXBuildFile; fileRef = 3A4B54152260D000962946B9 /* CartViewModelTests.swift */; };
		58B2F78E47222A6E4672C1E2 /* DeliveryCheck.swift in Sources */ = {isa = PBXBuildFile; fileRef = 973A6DA7DAA94B6DE8E2605A /* DeliveryCheck.swift */; };
		59ADC11FAB6700259C9586D5 /* CartView.swift in Sources */ = {isa = PBXBuildFile; fileRef = 5A3C9B2094A54AD694C17BCB /* CartView.swift */; };
		59B2B9B58C01BA97CC40881D /* AuthViewModelTests.swift in Sources */ = {isa = PBXBuildFile; fileRef = D4774C4B2CF65897F30615C9 /* AuthViewModelTests.swift */; };
		59CABF02059982C0319380D1 /* AddressesView.swift in Sources */ = {isa = PBXBuildFile; fileRef = 3B7587EDC2C7CEECBE6E6DCB /* AddressesView.swift */; };
		5B8F9E4A5AE9D02AA556EC8B /* StoryFormatting.swift in Sources */ = {isa = PBXBuildFile; fileRef = 71DEECC6232626E489020B03 /* StoryFormatting.swift */; };
		5D0BD8A2DEA298E5516DD416 /* SlotPicker.swift in Sources */ = {isa = PBXBuildFile; fileRef = 56520E6F1D7EFAAB5C70A16B /* SlotPicker.swift */; };
		5DCF00EBFACD0A6E0F37D9DF /* DTOs.swift in Sources */ = {isa = PBXBuildFile; fileRef = 6D0E622CC322FD71D228D9A1 /* DTOs.swift */; };
		5F76E6BC55BC16CBDAF8849E /* GiftForm.swift in Sources */ = {isa = PBXBuildFile; fileRef = 92411FA592EA5FC026897389 /* GiftForm.swift */; };
		655748B8C4E2F7FDDC5DDE19 /* PushRegistrationTests.swift in Sources */ = {isa = PBXBuildFile; fileRef = 2281E986EC07089C8334D767 /* PushRegistrationTests.swift */; };
		66B7EBDA1FA777D966816940 /* AddressesViewModel.swift in Sources */ = {isa = PBXBuildFile; fileRef = 7779E5F4D784B9B2DF80DF7A /* AddressesViewModel.swift */; };
		67ACE99FE05696911793FA0C /* VerticalCatalogViewModel.swift in Sources */ = {isa = PBXBuildFile; fileRef = 1BB9B0CB505C52A7CC6B0D2B /* VerticalCatalogViewModel.swift */; };
		68264C0171F2DA6C1D62D455 /* SnackDetailView.swift in Sources */ = {isa = PBXBuildFile; fileRef = CA77DD9AB069A171600F3B45 /* SnackDetailView.swift */; };
		69A51C41FCD53D0B6EAC94EF /* OrdersViewModelTests.swift in Sources */ = {isa = PBXBuildFile; fileRef = 315A6771BF7A84128F55A815 /* OrdersViewModelTests.swift */; };
		6A4EA7D07810D3769DAA48FC /* ColdStartTests.swift in Sources */ = {isa = PBXBuildFile; fileRef = 327DF2FDC184301C4A0AD3C2 /* ColdStartTests.swift */; };
		6B2A9A756E587C152AC0F7D2 /* DeepLinkHandler.swift in Sources */ = {isa = PBXBuildFile; fileRef = B5D23986BE08057D412B120B /* DeepLinkHandler.swift */; };
		6C5F6186D3E856AF152B8E43 /* WhatsAppMessages.swift in Sources */ = {isa = PBXBuildFile; fileRef = 216952AB9C5FCF6B422E99B5 /* WhatsAppMessages.swift */; };
		6CCC747B899B6C9881054032 /* FilterSheet.swift in Sources */ = {isa = PBXBuildFile; fileRef = 131DE0E7667A8BBA133CE155 /* FilterSheet.swift */; };
		6EB5EA093AE6BE70603F11C0 /* WhatsAppMessagesTests.swift in Sources */ = {isa = PBXBuildFile; fileRef = 993DC165EB67D40067AC7ADE /* WhatsAppMessagesTests.swift */; };
		70D91A7E60501EDD5F1E5E82 /* RazorpayCheckout in Frameworks */ = {isa = PBXBuildFile; productRef = 231294D2DC7536DD79AE9C48 /* RazorpayCheckout */; };
		71A09F51493AA909ACF73DAD /* OrderListView.swift in Sources */ = {isa = PBXBuildFile; fileRef = 0C7F44D92EAA043CCF853F9D /* OrderListView.swift */; };
		74641FE7A551132C119ADE0E /* AccessibilityHelpers.swift in Sources */ = {isa = PBXBuildFile; fileRef = 6650E7C3E56C1E00A96507EC /* AccessibilityHelpers.swift */; };
		7546055FCC0B770CA6412842 /* WalletPassView.swift in Sources */ = {isa = PBXBuildFile; fileRef = 7A2B5903318B7854CFD9D7D0 /* WalletPassView.swift */; };
		761CCC593D07CFC0546F0BA0 /* APIClientTests.swift in Sources */ = {isa = PBXBuildFile; fileRef = 42DE5E76A474C16C34FC4633 /* APIClientTests.swift */; };
		7781422BAC73D3E17225750B /* GiftView.swift in Sources */ = {isa = PBXBuildFile; fileRef = 7DDC5C5B6DC60B237DA073D8 /* GiftView.swift */; };
		781F9AC5E732760292D0BFAF /* EnquiryForm.swift in Sources */ = {isa = PBXBuildFile; fileRef = FBE1FABFF38A0C72EDF688C7 /* EnquiryForm.swift */; };
		782D856D3331DA14ED73D5A2 /* EnquiryFormTests.swift in Sources */ = {isa = PBXBuildFile; fileRef = 2CC4FE246E8452E8971EAB8F /* EnquiryFormTests.swift */; };
		7B3FC19C3D58F69CCC1FF908 /* PackSizesTests.swift in Sources */ = {isa = PBXBuildFile; fileRef = 2D9C48C48B9DC3460B5D0877 /* PackSizesTests.swift */; };
		7C1B1523B6FDC4D9A3AE86FD /* AddressFormTests.swift in Sources */ = {isa = PBXBuildFile; fileRef = FD56C9291F4603EE331C5EE5 /* AddressFormTests.swift */; };
		7C9750A1D0460F06E2C6A118 /* VerticalListView.swift in Sources */ = {isa = PBXBuildFile; fileRef = 94BFE7738647500D2FF5B4DF /* VerticalListView.swift */; };
		7D9AFB0349F0BD94280BBCB8 /* HeroCarousel.swift in Sources */ = {isa = PBXBuildFile; fileRef = EAF267590E2B7CF2973E9ABC /* HeroCarousel.swift */; };
		80207BD0EF821270C8BC6ABA /* OrderStatusBadge.swift in Sources */ = {isa = PBXBuildFile; fileRef = F731821077C0CABDF68A8AB7 /* OrderStatusBadge.swift */; };
		8170ED60262CEF008ADD5A41 /* QsrDetailView.swift in Sources */ = {isa = PBXBuildFile; fileRef = 745D2202FC87FD86095D2787 /* QsrDetailView.swift */; };
		83973606D789D3E21B7B8528 /* Endpoint.swift in Sources */ = {isa = PBXBuildFile; fileRef = CAED0D2ACB563E649EF0B480 /* Endpoint.swift */; };
		84F381E7BA4D6C9C295196A1 /* MishranTokens.swift in Sources */ = {isa = PBXBuildFile; fileRef = D15083CDE49B78AEB7CE5C9D /* MishranTokens.swift */; };
		866505938D3DFF68A073CCCC /* HeroRepositoryTests.swift in Sources */ = {isa = PBXBuildFile; fileRef = A888EE4A9DDB8F8AEDC7B62B /* HeroRepositoryTests.swift */; };
		86D4969B5877727C0CF697EF /* GiftFormTests.swift in Sources */ = {isa = PBXBuildFile; fileRef = 6C6F6CCD3E7ECEED21908FF9 /* GiftFormTests.swift */; };
		88D4B0C4E1A3F32E8BCC7E30 /* SwiftDataModels.swift in Sources */ = {isa = PBXBuildFile; fileRef = 17F6E1F7404D245F24FE9B87 /* SwiftDataModels.swift */; };
		8C167D518B491CBC4E136210 /* Route.swift in Sources */ = {isa = PBXBuildFile; fileRef = 0D6EE45F8BABD45F7382D47E /* Route.swift */; };
		8C7788A86A5962A26D96F3A0 /* OrderDetailView.swift in Sources */ = {isa = PBXBuildFile; fileRef = 0BB199895148C72A88679FE4 /* OrderDetailView.swift */; };
		8E2667EF644522F496C20C20 /* MishranApp.swift in Sources */ = {isa = PBXBuildFile; fileRef = D8DB1B710CA72B53C3537FB5 /* MishranApp.swift */; };
		8E35FCFDCBD80F8F6E3E7E36 /* PushPermissionRequester.swift in Sources */ = {isa = PBXBuildFile; fileRef = 3CBE5C7BE6081E0ECFE196FD /* PushPermissionRequester.swift */; };
		95803D6C83C1B4DC3A1E71E4 /* ModelContainerFactory.swift in Sources */ = {isa = PBXBuildFile; fileRef = 10B29822DDA008F5A6BAD2EB /* ModelContainerFactory.swift */; };
		9C4704FA753E12516E498B4C /* SeedData.swift in Sources */ = {isa = PBXBuildFile; fileRef = ED9208638C5D1818D4CF0731 /* SeedData.swift */; };
		9C7A6B6FB71F40282BEF70AD /* RazorpayCoordinator.swift in Sources */ = {isa = PBXBuildFile; fileRef = 557BDC90C27B02C28EE85F24 /* RazorpayCoordinator.swift */; };
		9C9AFBD5F27AE26EBF166126 /* AuthViewModel.swift in Sources */ = {isa = PBXBuildFile; fileRef = C68431822FCFD10052C69E84 /* AuthViewModel.swift */; };
		9DBF95F3B4960A255A17CF7A /* AddToCartButton.swift in Sources */ = {isa = PBXBuildFile; fileRef = 0B3AFCB15CC82712F4325C44 /* AddToCartButton.swift */; };
		9E4748531BA06BC94A2C484F /* AppleSignInTests.swift in Sources */ = {isa = PBXBuildFile; fileRef = FB4B0CA54764C50EF5E7288E /* AppleSignInTests.swift */; };
		9F0470D37E60CB3A0B5F97A1 /* AuthUITests.swift in Sources */ = {isa = PBXBuildFile; fileRef = CBCD922D98E4F596E91C2BB3 /* AuthUITests.swift */; };
		9F6E4F9297504C2A33DBD2D8 /* ExportOptions.plist in Resources */ = {isa = PBXBuildFile; fileRef = 4C872A2150AEB654FFA2B9D7 /* ExportOptions.plist */; };
		9FD03ADFDD9C9409D7C60BF2 /* Assets.xcassets in Resources */ = {isa = PBXBuildFile; fileRef = 38C61D8573D8238A69276ACD /* Assets.xcassets */; };
		A3985EE883EE06FF0E9483AD /* APIError.swift in Sources */ = {isa = PBXBuildFile; fileRef = CE06CF24565A57CA9FCAA9AD /* APIError.swift */; };
		A94C62C4F095C3301CF0FC6B /* CartLineItem.swift in Sources */ = {isa = PBXBuildFile; fileRef = BDA138DEEE85AFEF2A870BE4 /* CartLineItem.swift */; };
		AAF00B9D39423E4775B46DB9 /* CartBadge.swift in Sources */ = {isa = PBXBuildFile; fileRef = D94BC9203F9C887E0A98FFC1 /* CartBadge.swift */; };
		ABF0BF37C890C6A8E909992C /* SwiftDataModelTests.swift in Sources */ = {isa = PBXBuildFile; fileRef = 2AE52F788D91A165CA52C5AA /* SwiftDataModelTests.swift */; };
		ADD7CCDC3C37DC330F12A408 /* DeepLinkTests.swift in Sources */ = {isa = PBXBuildFile; fileRef = 91DF3D42184874F4F42CC512 /* DeepLinkTests.swift */; };
		ADDD31EEBF7044E2271A6D70 /* GiftViewModel.swift in Sources */ = {isa = PBXBuildFile; fileRef = 7EFEE24CEDB6D3216CF15F79 /* GiftViewModel.swift */; };
		AED872AED08D14214380378F /* StoryRepository.swift in Sources */ = {isa = PBXBuildFile; fileRef = 94A3A87A72F2DF07FF5B3150 /* StoryRepository.swift */; };
		B2DAA6BC451CF54279A60DAC /* MishranAPIClient.swift in Sources */ = {isa = PBXBuildFile; fileRef = AA438316FABC42993AEAC8DD /* MishranAPIClient.swift */; };
		B36E3B62A15B85F6EF2F22AF /* CatalogView.swift in Sources */ = {isa = PBXBuildFile; fileRef = 47991E844FC2618D4D5A5DBA /* CatalogView.swift */; };
		B8ED78A244A10DFF917AA742 /* OrderConfirmedView.swift in Sources */ = {isa = PBXBuildFile; fileRef = B84FDA4A5FB5D784F7BBBBCB /* OrderConfirmedView.swift */; };
		BC1E4E42C0A73854841E9E77 /* ProductCardSnapshotTests.swift in Sources */ = {isa = PBXBuildFile; fileRef = B5A462F19B1C8E989A459CDE /* ProductCardSnapshotTests.swift */; };
		BD20E249EB84D2D509889488 /* MishranUITests.swift in Sources */ = {isa = PBXBuildFile; fileRef = E8AD84061607513B2822EFFA /* MishranUITests.swift */; };
		BDCB0C231117C2D7A860D61E /* Router.swift in Sources */ = {isa = PBXBuildFile; fileRef = 4A1A994EB9D1587A43329B4B /* Router.swift */; };
		BDCE79859C11C7B37686B446 /* AppleSignInButton.swift in Sources */ = {isa = PBXBuildFile; fileRef = A6568E092C76DE87C87CC8B6 /* AppleSignInButton.swift */; };
		BFA7B4E72135CA7CB56F15B7 /* CatalogRepository.swift in Sources */ = {isa = PBXBuildFile; fileRef = 2ECCEF7E4112394AACFA9906 /* CatalogRepository.swift */; };
		C2EFA9133A34076358A8935B /* OTPView.swift in Sources */ = {isa = PBXBuildFile; fileRef = B404AD75DE1DA281F709981F /* OTPView.swift */; };
		C5624FFB8A7B6997F04805CC /* LeadRepository.swift in Sources */ = {isa = PBXBuildFile; fileRef = F78425EC7E3C93DC0F746229 /* LeadRepository.swift */; };
		C61D4E1FE8C452066D3F0EDB /* Localizable.strings in Resources */ = {isa = PBXBuildFile; fileRef = 73441BCE6386DC927C453A59 /* Localizable.strings */; };
		C92FE9C121D4433806A99794 /* SearchBar.swift in Sources */ = {isa = PBXBuildFile; fileRef = 5E57BE829A139A016A5663CF /* SearchBar.swift */; };
		CB24791BC52466B487B2DD4A /* MishranCountries.swift in Sources */ = {isa = PBXBuildFile; fileRef = 58395290B2B24C1696C7A7E3 /* MishranCountries.swift */; };
		CB6CE45AEA7D48EB3A3A00FE /* CartViewModel.swift in Sources */ = {isa = PBXBuildFile; fileRef = F152053B0471C98B970B6E31 /* CartViewModel.swift */; };
		CCE7E6111F6E2F67296F47BB /* HomeViewModel.swift in Sources */ = {isa = PBXBuildFile; fileRef = 96419773D8968ABB05ACB046 /* HomeViewModel.swift */; };
		CD60C4EED7FEBE4F4493AF5E /* Verticals.swift in Sources */ = {isa = PBXBuildFile; fileRef = 068C4A4415A907EF29363E2A /* Verticals.swift */; };
		CE823D38E7176D344874C91B /* StoryPillar.swift in Sources */ = {isa = PBXBuildFile; fileRef = 8483C2A30BCC5D6DC3EC133E /* StoryPillar.swift */; };
		D1A709FD27EB85DD3CA54052 /* AccessibilityTests.swift in Sources */ = {isa = PBXBuildFile; fileRef = A6575E90C61D6190AA687E88 /* AccessibilityTests.swift */; };
		D377E0B4F96E6CB8DEBBED4E /* StoryPillarTests.swift in Sources */ = {isa = PBXBuildFile; fileRef = 3FA5512406A0E7CF2D3A9BF1 /* StoryPillarTests.swift */; };
		D431790501096E49AAA53975 /* HeroRepository.swift in Sources */ = {isa = PBXBuildFile; fileRef = 203E0099047EE67B6DB5EF38 /* HeroRepository.swift */; };
		D54483EDE2136689A3AA93A4 /* CatalogCache.swift in Sources */ = {isa = PBXBuildFile; fileRef = EFE2A19642D9E59D00AE0A0C /* CatalogCache.swift */; };
		D80C102F7326BD58228313B8 /* CatalogViewModelTests.swift in Sources */ = {isa = PBXBuildFile; fileRef = D2F4465B83E8F544B1DDB616 /* CatalogViewModelTests.swift */; };
		D90B8AB29B8ABD84F8318EB4 /* CatalogRefreshTask.swift in Sources */ = {isa = PBXBuildFile; fileRef = CC4FB88456F99489105CD541 /* CatalogRefreshTask.swift */; };
		DB0F139DE0B213637C8822CE /* StoryRepositoryTests.swift in Sources */ = {isa = PBXBuildFile; fileRef = 366DAF2835A246C4E1B01A8A /* StoryRepositoryTests.swift */; };
		DE6CFFC3FBB0F7A9A76B567C /* CatalogScrollTests.swift in Sources */ = {isa = PBXBuildFile; fileRef = FB32F50AA876A5639C2ED46B /* CatalogScrollTests.swift */; };
		DFC97BC9292838CD64A337E2 /* QuantitySelector.swift in Sources */ = {isa = PBXBuildFile; fileRef = 46E74593A6376B6833A2DEDF /* QuantitySelector.swift */; };
		E14B6A24E318771875AD4B37 /* AccountViewModel.swift in Sources */ = {isa = PBXBuildFile; fileRef = A88C81BF2201A0146A1CC9A6 /* AccountViewModel.swift */; };
		E98DA9F04BA2B8225346D943 /* CatalogSort.swift in Sources */ = {isa = PBXBuildFile; fileRef = F8643805648D0D0C4744143E /* CatalogSort.swift */; };
		ECAF25A81CEB6D82104143FB /* BrandRepositoryTests.swift in Sources */ = {isa = PBXBuildFile; fileRef = CA6B6F05C67F3B5110ED193B /* BrandRepositoryTests.swift */; };
		EE3E7CB2E1AB91D3CDD65EEE /* LiveApiUITests.swift in Sources */ = {isa = PBXBuildFile; fileRef = FDE113EDA45F1736AC9CFC9C /* LiveApiUITests.swift */; };
		EE7F140846CF5EB22A6CFF6C /* KeychainHelper.swift in Sources */ = {isa = PBXBuildFile; fileRef = 74A4A9D1DB2500B7A437F297 /* KeychainHelper.swift */; };
		EF1098E09C584E79EBF7B0CE /* Localization.swift in Sources */ = {isa = PBXBuildFile; fileRef = C76981C6A001264A75F07C84 /* Localization.swift */; };
		F04D40EE38856295308A145D /* AppleSignInCoordinator.swift in Sources */ = {isa = PBXBuildFile; fileRef = 8008BA765E8DCAF04F9892DD /* AppleSignInCoordinator.swift */; };
		F2BD4A59463083692303DBE5 /* ProductCard.swift in Sources */ = {isa = PBXBuildFile; fileRef = E8B64F03123BBD6412145B49 /* ProductCard.swift */; };
		F4576857819DFBE595478C4A /* PhoneEntryView.swift in Sources */ = {isa = PBXBuildFile; fileRef = 58465808FD09EC9AEA493F2D /* PhoneEntryView.swift */; };
		F9E33442E81A26DFA754E798 /* ProductRemoteImage.swift in Sources */ = {isa = PBXBuildFile; fileRef = 8F6990934CD0E6C33B903BC5 /* ProductRemoteImage.swift */; };
/* End PBXBuildFile section */

/* Begin PBXContainerItemProxy section */
		4DDB153EE20D512035212B97 /* PBXContainerItemProxy */ = {
			isa = PBXContainerItemProxy;
			containerPortal = 068F6588F6E5AA439AA8F934 /* Project object */;
			proxyType = 1;
			remoteGlobalIDString = D1B295700D76C68137328D08;
			remoteInfo = Mishran;
		};
		D6FDDAC23AFC7BB1872B10D1 /* PBXContainerItemProxy */ = {
			isa = PBXContainerItemProxy;
			containerPortal = 068F6588F6E5AA439AA8F934 /* Project object */;
			proxyType = 1;
			remoteGlobalIDString = D1B295700D76C68137328D08;
			remoteInfo = Mishran;
		};
/* End PBXContainerItemProxy section */

/* Begin PBXFileReference section */
		0560626CB3904256FA3B6F7D /* HomeViewModelTests.swift */ = {isa = PBXFileReference; lastKnownFileType = sourcecode.swift; path = HomeViewModelTests.swift; sourceTree = "<group>"; };
		057EA831416672A410B8A983 /* ProductDetailView.swift */ = {isa = PBXFileReference; lastKnownFileType = sourcecode.swift; path = ProductDetailView.swift; sourceTree = "<group>"; };
		068C4A4415A907EF29363E2A /* Verticals.swift */ = {isa = PBXFileReference; lastKnownFileType = sourcecode.swift; path = Verticals.swift; sourceTree = "<group>"; };
		0B3AFCB15CC82712F4325C44 /* AddToCartButton.swift */ = {isa = PBXFileReference; lastKnownFileType = sourcecode.swift; path = AddToCartButton.swift; sourceTree = "<group>"; };
		0B6C4D91E2CC269A9F07777D /* en */ = {isa = PBXFileReference; lastKnownFileType = text.plist.strings; name = en; path = en.lproj/Localizable.strings; sourceTree = "<group>"; };
		0BB199895148C72A88679FE4 /* OrderDetailView.swift */ = {isa = PBXFileReference; lastKnownFileType = sourcecode.swift; path = OrderDetailView.swift; sourceTree = "<group>"; };
		0C7F44D92EAA043CCF853F9D /* OrderListView.swift */ = {isa = PBXFileReference; lastKnownFileType = sourcecode.swift; path = OrderListView.swift; sourceTree = "<group>"; };
		0D6EE45F8BABD45F7382D47E /* Route.swift */ = {isa = PBXFileReference; lastKnownFileType = sourcecode.swift; path = Route.swift; sourceTree = "<group>"; };
		0D7373C10CB51D179ED6EB5D /* BuyNowButton.swift */ = {isa = PBXFileReference; lastKnownFileType = sourcecode.swift; path = BuyNowButton.swift; sourceTree = "<group>"; };
		10B29822DDA008F5A6BAD2EB /* ModelContainerFactory.swift */ = {isa = PBXFileReference; lastKnownFileType = sourcecode.swift; path = ModelContainerFactory.swift; sourceTree = "<group>"; };
		131DE0E7667A8BBA133CE155 /* FilterSheet.swift */ = {isa = PBXFileReference; lastKnownFileType = sourcecode.swift; path = FilterSheet.swift; sourceTree = "<group>"; };
		17F6E1F7404D245F24FE9B87 /* SwiftDataModels.swift */ = {isa = PBXFileReference; lastKnownFileType = sourcecode.swift; path = SwiftDataModels.swift; sourceTree = "<group>"; };
		182B18816247C3A1DF844972 /* AccountView.swift */ = {isa = PBXFileReference; lastKnownFileType = sourcecode.swift; path = AccountView.swift; sourceTree = "<group>"; };
		1BB9B0CB505C52A7CC6B0D2B /* VerticalCatalogViewModel.swift */ = {isa = PBXFileReference; lastKnownFileType = sourcecode.swift; path = VerticalCatalogViewModel.swift; sourceTree = "<group>"; };
		1CCD1EFAEB38141845913FEA /* PushDelegate.swift */ = {isa = PBXFileReference; lastKnownFileType = sourcecode.swift; path = PushDelegate.swift; sourceTree = "<group>"; };
		1DA54984EE19823EDAE55EBC /* CatalogRepositoryTests.swift */ = {isa = PBXFileReference; lastKnownFileType = sourcecode.swift; path = CatalogRepositoryTests.swift; sourceTree = "<group>"; };
		1EBE2E36C2FF8DB8FE4C528E /* CartBadgeTests.swift */ = {isa = PBXFileReference; lastKnownFileType = sourcecode.swift; path = CartBadgeTests.swift; sourceTree = "<group>"; };
		203E0099047EE67B6DB5EF38 /* HeroRepository.swift */ = {isa = PBXFileReference; lastKnownFileType = sourcecode.swift; path = HeroRepository.swift; sourceTree = "<group>"; };
		216952AB9C5FCF6B422E99B5 /* WhatsAppMessages.swift */ = {isa = PBXFileReference; lastKnownFileType = sourcecode.swift; path = WhatsAppMessages.swift; sourceTree = "<group>"; };
		216B46F1EBE74875531A80EE /* PaymentMethodPicker.swift */ = {isa = PBXFileReference; lastKnownFileType = sourcecode.swift; path = PaymentMethodPicker.swift; sourceTree = "<group>"; };
		21A85AB2A6DDC20144358071 /* ProductCardInitTests.swift */ = {isa = PBXFileReference; lastKnownFileType = sourcecode.swift; path = ProductCardInitTests.swift; sourceTree = "<group>"; };
		2281E986EC07089C8334D767 /* PushRegistrationTests.swift */ = {isa = PBXFileReference; lastKnownFileType = sourcecode.swift; path = PushRegistrationTests.swift; sourceTree = "<group>"; };
		2584F0BB6B155A1C8E473AF3 /* EnquiryView.swift */ = {isa = PBXFileReference; lastKnownFileType = sourcecode.swift; path = EnquiryView.swift; sourceTree = "<group>"; };
		2AE52F788D91A165CA52C5AA /* SwiftDataModelTests.swift */ = {isa = PBXFileReference; lastKnownFileType = sourcecode.swift; path = SwiftDataModelTests.swift; sourceTree = "<group>"; };
		2CC4FE246E8452E8971EAB8F /* EnquiryFormTests.swift */ = {isa = PBXFileReference; lastKnownFileType = sourcecode.swift; path = EnquiryFormTests.swift; sourceTree = "<group>"; };
		2D9C48C48B9DC3460B5D0877 /* PackSizesTests.swift */ = {isa = PBXFileReference; lastKnownFileType = sourcecode.swift; path = PackSizesTests.swift; sourceTree = "<group>"; };
		2E097B87373AE9CAE82E8B96 /* VerticalsRepository.swift */ = {isa = PBXFileReference; lastKnownFileType = sourcecode.swift; path = VerticalsRepository.swift; sourceTree = "<group>"; };
		2ECCEF7E4112394AACFA9906 /* CatalogRepository.swift */ = {isa = PBXFileReference; lastKnownFileType = sourcecode.swift; path = CatalogRepository.swift; sourceTree = "<group>"; };
		315A6771BF7A84128F55A815 /* OrdersViewModelTests.swift */ = {isa = PBXFileReference; lastKnownFileType = sourcecode.swift; path = OrdersViewModelTests.swift; sourceTree = "<group>"; };
		327DF2FDC184301C4A0AD3C2 /* ColdStartTests.swift */ = {isa = PBXFileReference; lastKnownFileType = sourcecode.swift; path = ColdStartTests.swift; sourceTree = "<group>"; };
		32F64925E5EFE636CB7264B3 /* kn */ = {isa = PBXFileReference; lastKnownFileType = text.plist.strings; name = kn; path = kn.lproj/Localizable.strings; sourceTree = "<group>"; };
		342A6835314B7C6289AA6956 /* HomeView.swift */ = {isa = PBXFileReference; lastKnownFileType = sourcecode.swift; path = HomeView.swift; sourceTree = "<group>"; };
		366DAF2835A246C4E1B01A8A /* StoryRepositoryTests.swift */ = {isa = PBXFileReference; lastKnownFileType = sourcecode.swift; path = StoryRepositoryTests.swift; sourceTree = "<group>"; };
		38C61D8573D8238A69276ACD /* Assets.xcassets */ = {isa = PBXFileReference; lastKnownFileType = folder.assetcatalog; path = Assets.xcassets; sourceTree = "<group>"; };
		3958B3310C55B430C1A8788B /* ProductDetailViewModel.swift */ = {isa = PBXFileReference; lastKnownFileType = sourcecode.swift; path = ProductDetailViewModel.swift; sourceTree = "<group>"; };
		3A4B54152260D000962946B9 /* CartViewModelTests.swift */ = {isa = PBXFileReference; lastKnownFileType = sourcecode.swift; path = CartViewModelTests.swift; sourceTree = "<group>"; };
		3B7587EDC2C7CEECBE6E6DCB /* AddressesView.swift */ = {isa = PBXFileReference; lastKnownFileType = sourcecode.swift; path = AddressesView.swift; sourceTree = "<group>"; };
		3BB67A76071EDB4BE37BE31C /* pa */ = {isa = PBXFileReference; lastKnownFileType = text.plist.strings; name = pa; path = pa.lproj/Localizable.strings; sourceTree = "<group>"; };
		3CBE5C7BE6081E0ECFE196FD /* PushPermissionRequester.swift */ = {isa = PBXFileReference; lastKnownFileType = sourcecode.swift; path = PushPermissionRequester.swift; sourceTree = "<group>"; };
		3E262E602904FB35C2EBA629 /* hi */ = {isa = PBXFileReference; lastKnownFileType = text.plist.strings; name = hi; path = hi.lproj/Localizable.strings; sourceTree = "<group>"; };
		3FA5512406A0E7CF2D3A9BF1 /* StoryPillarTests.swift */ = {isa = PBXFileReference; lastKnownFileType = sourcecode.swift; path = StoryPillarTests.swift; sourceTree = "<group>"; };
		42DE5E76A474C16C34FC4633 /* APIClientTests.swift */ = {isa = PBXFileReference; lastKnownFileType = sourcecode.swift; path = APIClientTests.swift; sourceTree = "<group>"; };
		46E74593A6376B6833A2DEDF /* QuantitySelector.swift */ = {isa = PBXFileReference; lastKnownFileType = sourcecode.swift; path = QuantitySelector.swift; sourceTree = "<group>"; };
		47991E844FC2618D4D5A5DBA /* CatalogView.swift */ = {isa = PBXFileReference; lastKnownFileType = sourcecode.swift; path = CatalogView.swift; sourceTree = "<group>"; };
		4A1A994EB9D1587A43329B4B /* Router.swift */ = {isa = PBXFileReference; lastKnownFileType = sourcecode.swift; path = Router.swift; sourceTree = "<group>"; };
		4AD2938F9587022374A9DE29 /* LoyaltyPassTests.swift */ = {isa = PBXFileReference; lastKnownFileType = sourcecode.swift; path = LoyaltyPassTests.swift; sourceTree = "<group>"; };
		4C872A2150AEB654FFA2B9D7 /* ExportOptions.plist */ = {isa = PBXFileReference; lastKnownFileType = text.plist; path = ExportOptions.plist; sourceTree = "<group>"; };
		4DDE5AFCC40042CEB720EB1A /* mr */ = {isa = PBXFileReference; lastKnownFileType = text.plist.strings; name = mr; path = mr.lproj/Localizable.strings; sourceTree = "<group>"; };
		527447227CF3E458EFB401BA /* PackSizePicker.swift */ = {isa = PBXFileReference; lastKnownFileType = sourcecode.swift; path = PackSizePicker.swift; sourceTree = "<group>"; };
		5384924CE7B94056D974BAAC /* CheckoutView.swift */ = {isa = PBXFileReference; lastKnownFileType = sourcecode.swift; path = CheckoutView.swift; sourceTree = "<group>"; };
		557BDC90C27B02C28EE85F24 /* RazorpayCoordinator.swift */ = {isa = PBXFileReference; lastKnownFileType = sourcecode.swift; path = RazorpayCoordinator.swift; sourceTree = "<group>"; };
		56520E6F1D7EFAAB5C70A16B /* SlotPicker.swift */ = {isa = PBXFileReference; lastKnownFileType = sourcecode.swift; path = SlotPicker.swift; sourceTree = "<group>"; };
		58395290B2B24C1696C7A7E3 /* MishranCountries.swift */ = {isa = PBXFileReference; lastKnownFileType = sourcecode.swift; path = MishranCountries.swift; sourceTree = "<group>"; };
		58465808FD09EC9AEA493F2D /* PhoneEntryView.swift */ = {isa = PBXFileReference; lastKnownFileType = sourcecode.swift; path = PhoneEntryView.swift; sourceTree = "<group>"; };
		5A3C9B2094A54AD694C17BCB /* CartView.swift */ = {isa = PBXFileReference; lastKnownFileType = sourcecode.swift; path = CartView.swift; sourceTree = "<group>"; };
		5AA52F7BFE031ED8E4342964 /* CatalogViewModel.swift */ = {isa = PBXFileReference; lastKnownFileType = sourcecode.swift; path = CatalogViewModel.swift; sourceTree = "<group>"; };
		5D12DD757BE134A9B7406611 /* KeychainAndBiometricTests.swift */ = {isa = PBXFileReference; lastKnownFileType = sourcecode.swift; path = KeychainAndBiometricTests.swift; sourceTree = "<group>"; };
		5E023DB28BA92429906660F0 /* CatalogSortTests.swift */ = {isa = PBXFileReference; lastKnownFileType = sourcecode.swift; path = CatalogSortTests.swift; sourceTree = "<group>"; };
		5E57BE829A139A016A5663CF /* SearchBar.swift */ = {isa = PBXFileReference; lastKnownFileType = sourcecode.swift; path = SearchBar.swift; sourceTree = "<group>"; };
		5F7313F610F6C0620B8BE661 /* StoriesView.swift */ = {isa = PBXFileReference; lastKnownFileType = sourcecode.swift; path = StoriesView.swift; sourceTree = "<group>"; };
		60104183AB6B52BD81194EF5 /* CheckoutViewModel.swift */ = {isa = PBXFileReference; lastKnownFileType = sourcecode.swift; path = CheckoutViewModel.swift; sourceTree = "<group>"; };
		608A8F33A9B70154DC268F53 /* CheckoutViewModelTests.swift */ = {isa = PBXFileReference; lastKnownFileType = sourcecode.swift; path = CheckoutViewModelTests.swift; sourceTree = "<group>"; };
		64620CDA70359F2FAF3E0AC9 /* NavigationUITests.swift */ = {isa = PBXFileReference; lastKnownFileType = sourcecode.swift; path = NavigationUITests.swift; sourceTree = "<group>"; };
		6650E7C3E56C1E00A96507EC /* AccessibilityHelpers.swift */ = {isa = PBXFileReference; lastKnownFileType = sourcecode.swift; path = AccessibilityHelpers.swift; sourceTree = "<group>"; };
		67D0C6C11D7C185ADC27F041 /* CountryPickerSheet.swift */ = {isa = PBXFileReference; lastKnownFileType = sourcecode.swift; path = CountryPickerSheet.swift; sourceTree = "<group>"; };
		6836CBCA9A6BB2BBD587BF74 /* OrderDetailViewModel.swift */ = {isa = PBXFileReference; lastKnownFileType = sourcecode.swift; path = OrderDetailViewModel.swift; sourceTree = "<group>"; };
		69EF5FFF260D8EBC69A3ED5A /* AddressPicker.swift */ = {isa = PBXFileReference; lastKnownFileType = sourcecode.swift; path = AddressPicker.swift; sourceTree = "<group>"; };
		6C6F6CCD3E7ECEED21908FF9 /* GiftFormTests.swift */ = {isa = PBXFileReference; lastKnownFileType = sourcecode.swift; path = GiftFormTests.swift; sourceTree = "<group>"; };
		6D0E622CC322FD71D228D9A1 /* DTOs.swift */ = {isa = PBXFileReference; lastKnownFileType = sourcecode.swift; path = DTOs.swift; sourceTree = "<group>"; };
		71DEECC6232626E489020B03 /* StoryFormatting.swift */ = {isa = PBXFileReference; lastKnownFileType = sourcecode.swift; path = StoryFormatting.swift; sourceTree = "<group>"; };
		73CA588F28105AAD3CD802E4 /* te */ = {isa = PBXFileReference; lastKnownFileType = text.plist.strings; name = te; path = te.lproj/Localizable.strings; sourceTree = "<group>"; };
		745D2202FC87FD86095D2787 /* QsrDetailView.swift */ = {isa = PBXFileReference; lastKnownFileType = sourcecode.swift; path = QsrDetailView.swift; sourceTree = "<group>"; };
		74A4A9D1DB2500B7A437F297 /* KeychainHelper.swift */ = {isa = PBXFileReference; lastKnownFileType = sourcecode.swift; path = KeychainHelper.swift; sourceTree = "<group>"; };
		7779E5F4D784B9B2DF80DF7A /* AddressesViewModel.swift */ = {isa = PBXFileReference; lastKnownFileType = sourcecode.swift; path = AddressesViewModel.swift; sourceTree = "<group>"; };
		7A2B5903318B7854CFD9D7D0 /* WalletPassView.swift */ = {isa = PBXFileReference; lastKnownFileType = sourcecode.swift; path = WalletPassView.swift; sourceTree = "<group>"; };
		7ACC75BEA637550855532CA3 /* Info.plist */ = {isa = PBXFileReference; lastKnownFileType = text.plist; path = Info.plist; sourceTree = "<group>"; };
		7CD29D81E58338EE216FD8BF /* MerchDetailView.swift */ = {isa = PBXFileReference; lastKnownFileType = sourcecode.swift; path = MerchDetailView.swift; sourceTree = "<group>"; };
		7DD2715A504BAE8D7F50088F /* AddressFormView.swift */ = {isa = PBXFileReference; lastKnownFileType = sourcecode.swift; path = AddressFormView.swift; sourceTree = "<group>"; };
		7DDC5C5B6DC60B237DA073D8 /* GiftView.swift */ = {isa = PBXFileReference; lastKnownFileType = sourcecode.swift; path = GiftView.swift; sourceTree = "<group>"; };
		7EFEE24CEDB6D3216CF15F79 /* GiftViewModel.swift */ = {isa = PBXFileReference; lastKnownFileType = sourcecode.swift; path = GiftViewModel.swift; sourceTree = "<group>"; };
		8008BA765E8DCAF04F9892DD /* AppleSignInCoordinator.swift */ = {isa = PBXFileReference; lastKnownFileType = sourcecode.swift; path = AppleSignInCoordinator.swift; sourceTree = "<group>"; };
		824C93F1D0932E5DEA6A05C8 /* DeliveryAttributes.swift */ = {isa = PBXFileReference; lastKnownFileType = sourcecode.swift; path = DeliveryAttributes.swift; sourceTree = "<group>"; };
		82730F53B7A9C3AE55E3ADCD /* RazorpayCoordinatorTests.swift */ = {isa = PBXFileReference; lastKnownFileType = sourcecode.swift; path = RazorpayCoordinatorTests.swift; sourceTree = "<group>"; };
		8483C2A30BCC5D6DC3EC133E /* StoryPillar.swift */ = {isa = PBXFileReference; lastKnownFileType = sourcecode.swift; path = StoryPillar.swift; sourceTree = "<group>"; };
		8F6990934CD0E6C33B903BC5 /* ProductRemoteImage.swift */ = {isa = PBXFileReference; lastKnownFileType = sourcecode.swift; path = ProductRemoteImage.swift; sourceTree = "<group>"; };
		91DF3D42184874F4F42CC512 /* DeepLinkTests.swift */ = {isa = PBXFileReference; lastKnownFileType = sourcecode.swift; path = DeepLinkTests.swift; sourceTree = "<group>"; };
		92411FA592EA5FC026897389 /* GiftForm.swift */ = {isa = PBXFileReference; lastKnownFileType = sourcecode.swift; path = GiftForm.swift; sourceTree = "<group>"; };
		94A3A87A72F2DF07FF5B3150 /* StoryRepository.swift */ = {isa = PBXFileReference; lastKnownFileType = sourcecode.swift; path = StoryRepository.swift; sourceTree = "<group>"; };
		94BFE7738647500D2FF5B4DF /* VerticalListView.swift */ = {isa = PBXFileReference; lastKnownFileType = sourcecode.swift; path = VerticalListView.swift; sourceTree = "<group>"; };
		96419773D8968ABB05ACB046 /* HomeViewModel.swift */ = {isa = PBXFileReference; lastKnownFileType = sourcecode.swift; path = HomeViewModel.swift; sourceTree = "<group>"; };
		9676FDF11354D50F0311FE96 /* BiometricGate.swift */ = {isa = PBXFileReference; lastKnownFileType = sourcecode.swift; path = BiometricGate.swift; sourceTree = "<group>"; };
		973A6DA7DAA94B6DE8E2605A /* DeliveryCheck.swift */ = {isa = PBXFileReference; lastKnownFileType = sourcecode.swift; path = DeliveryCheck.swift; sourceTree = "<group>"; };
		993DC165EB67D40067AC7ADE /* WhatsAppMessagesTests.swift */ = {isa = PBXFileReference; lastKnownFileType = sourcecode.swift; path = WhatsAppMessagesTests.swift; sourceTree = "<group>"; };
		9B0148C12898D2AEFEC886FA /* LiveActivityManager.swift */ = {isa = PBXFileReference; lastKnownFileType = sourcecode.swift; path = LiveActivityManager.swift; sourceTree = "<group>"; };
		9CF55A83645C40970E80C152 /* DeviceRegistrar.swift */ = {isa = PBXFileReference; lastKnownFileType = sourcecode.swift; path = DeviceRegistrar.swift; sourceTree = "<group>"; };
		9D530C7E3563C4D49DEF96BB /* MishranUITests.xctest */ = {isa = PBXFileReference; includeInIndex = 0; lastKnownFileType = wrapper.cfbundle; path = MishranUITests.xctest; sourceTree = BUILT_PRODUCTS_DIR; };
		9FE3F782C4272E71BD283282 /* Mishran.app */ = {isa = PBXFileReference; includeInIndex = 0; lastKnownFileType = wrapper.application; path = Mishran.app; sourceTree = BUILT_PRODUCTS_DIR; };
		A1788F125B460F96BB7E6C4F /* StoryReaderView.swift */ = {isa = PBXFileReference; lastKnownFileType = sourcecode.swift; path = StoryReaderView.swift; sourceTree = "<group>"; };
		A2C05DD9A4CCADB52C9273BA /* ThemeTests.swift */ = {isa = PBXFileReference; lastKnownFileType = sourcecode.swift; path = ThemeTests.swift; sourceTree = "<group>"; };
		A48A5980852C073E51B9FBFF /* ProductDetailViewModelTests.swift */ = {isa = PBXFileReference; lastKnownFileType = sourcecode.swift; path = ProductDetailViewModelTests.swift; sourceTree = "<group>"; };
		A6568E092C76DE87C87CC8B6 /* AppleSignInButton.swift */ = {isa = PBXFileReference; lastKnownFileType = sourcecode.swift; path = AppleSignInButton.swift; sourceTree = "<group>"; };
		A6575E90C61D6190AA687E88 /* AccessibilityTests.swift */ = {isa = PBXFileReference; lastKnownFileType = sourcecode.swift; path = AccessibilityTests.swift; sourceTree = "<group>"; };
		A888EE4A9DDB8F8AEDC7B62B /* HeroRepositoryTests.swift */ = {isa = PBXFileReference; lastKnownFileType = sourcecode.swift; path = HeroRepositoryTests.swift; sourceTree = "<group>"; };
		A88C81BF2201A0146A1CC9A6 /* AccountViewModel.swift */ = {isa = PBXFileReference; lastKnownFileType = sourcecode.swift; path = AccountViewModel.swift; sourceTree = "<group>"; };
		AA438316FABC42993AEAC8DD /* MishranAPIClient.swift */ = {isa = PBXFileReference; lastKnownFileType = sourcecode.swift; path = MishranAPIClient.swift; sourceTree = "<group>"; };
		AC83CE02DB09238F8FF3887C /* BiometricGateView.swift */ = {isa = PBXFileReference; lastKnownFileType = sourcecode.swift; path = BiometricGateView.swift; sourceTree = "<group>"; };
		B404AD75DE1DA281F709981F /* OTPView.swift */ = {isa = PBXFileReference; lastKnownFileType = sourcecode.swift; path = OTPView.swift; sourceTree = "<group>"; };
		B4E15EA367D070805A633A6C /* Authenticator.swift */ = {isa = PBXFileReference; lastKnownFileType = sourcecode.swift; path = Authenticator.swift; sourceTree = "<group>"; };
		B5A462F19B1C8E989A459CDE /* ProductCardSnapshotTests.swift */ = {isa = PBXFileReference; lastKnownFileType = sourcecode.swift; path = ProductCardSnapshotTests.swift; sourceTree = "<group>"; };
		B5D23986BE08057D412B120B /* DeepLinkHandler.swift */ = {isa = PBXFileReference; lastKnownFileType = sourcecode.swift; path = DeepLinkHandler.swift; sourceTree = "<group>"; };
		B84FDA4A5FB5D784F7BBBBCB /* OrderConfirmedView.swift */ = {isa = PBXFileReference; lastKnownFileType = sourcecode.swift; path = OrderConfirmedView.swift; sourceTree = "<group>"; };
		BDA138DEEE85AFEF2A870BE4 /* CartLineItem.swift */ = {isa = PBXFileReference; lastKnownFileType = sourcecode.swift; path = CartLineItem.swift; sourceTree = "<group>"; };
		BDE71F58C13E6FF43A4F0680 /* Mishran.entitlements */ = {isa = PBXFileReference; lastKnownFileType = text.plist.entitlements; path = Mishran.entitlements; sourceTree = "<group>"; };
		BEDC8DC14F2500F2AA893CD2 /* MishranTests.xctest */ = {isa = PBXFileReference; includeInIndex = 0; lastKnownFileType = wrapper.cfbundle; path = MishranTests.xctest; sourceTree = BUILT_PRODUCTS_DIR; };
		C3527E6019949F8428C82111 /* AddressRepository.swift */ = {isa = PBXFileReference; lastKnownFileType = sourcecode.swift; path = AddressRepository.swift; sourceTree = "<group>"; };
		C59BEECC5B82F1F33C74B8B9 /* RevocationFlowUITest.swift */ = {isa = PBXFileReference; lastKnownFileType = sourcecode.swift; path = RevocationFlowUITest.swift; sourceTree = "<group>"; };
		C68431822FCFD10052C69E84 /* AuthViewModel.swift */ = {isa = PBXFileReference; lastKnownFileType = sourcecode.swift; path = AuthViewModel.swift; sourceTree = "<group>"; };
		C76981C6A001264A75F07C84 /* Localization.swift */ = {isa = PBXFileReference; lastKnownFileType = sourcecode.swift; path = Localization.swift; sourceTree = "<group>"; };
		CA6B6F05C67F3B5110ED193B /* BrandRepositoryTests.swift */ = {isa = PBXFileReference; lastKnownFileType = sourcecode.swift; path = BrandRepositoryTests.swift; sourceTree = "<group>"; };
		CA77DD9AB069A171600F3B45 /* SnackDetailView.swift */ = {isa = PBXFileReference; lastKnownFileType = sourcecode.swift; path = SnackDetailView.swift; sourceTree = "<group>"; };
		CA8FDA1C41F05C1B08848412 /* VerticalCatalogViewModelTests.swift */ = {isa = PBXFileReference; lastKnownFileType = sourcecode.swift; path = VerticalCatalogViewModelTests.swift; sourceTree = "<group>"; };
		CAED0D2ACB563E649EF0B480 /* Endpoint.swift */ = {isa = PBXFileReference; lastKnownFileType = sourcecode.swift; path = Endpoint.swift; sourceTree = "<group>"; };
		CBCD922D98E4F596E91C2BB3 /* AuthUITests.swift */ = {isa = PBXFileReference; lastKnownFileType = sourcecode.swift; path = AuthUITests.swift; sourceTree = "<group>"; };
		CC4FB88456F99489105CD541 /* CatalogRefreshTask.swift */ = {isa = PBXFileReference; lastKnownFileType = sourcecode.swift; path = CatalogRefreshTask.swift; sourceTree = "<group>"; };
		CE06CF24565A57CA9FCAA9AD /* APIError.swift */ = {isa = PBXFileReference; lastKnownFileType = sourcecode.swift; path = APIError.swift; sourceTree = "<group>"; };
		D15083CDE49B78AEB7CE5C9D /* MishranTokens.swift */ = {isa = PBXFileReference; lastKnownFileType = sourcecode.swift; path = MishranTokens.swift; sourceTree = "<group>"; };
		D1C7CF35CFC86189210BDBCE /* Mishran.xctestplan */ = {isa = PBXFileReference; path = Mishran.xctestplan; sourceTree = "<group>"; };
		D2F4465B83E8F544B1DDB616 /* CatalogViewModelTests.swift */ = {isa = PBXFileReference; lastKnownFileType = sourcecode.swift; path = CatalogViewModelTests.swift; sourceTree = "<group>"; };
		D4774C4B2CF65897F30615C9 /* AuthViewModelTests.swift */ = {isa = PBXFileReference; lastKnownFileType = sourcecode.swift; path = AuthViewModelTests.swift; sourceTree = "<group>"; };
		D75EF5D7129E77F29075ACA6 /* LiveActivityManagerTests.swift */ = {isa = PBXFileReference; lastKnownFileType = sourcecode.swift; path = LiveActivityManagerTests.swift; sourceTree = "<group>"; };
		D8DB1B710CA72B53C3537FB5 /* MishranApp.swift */ = {isa = PBXFileReference; lastKnownFileType = sourcecode.swift; path = MishranApp.swift; sourceTree = "<group>"; };
		D93F4D3F4C4F359C6A479863 /* bn */ = {isa = PBXFileReference; lastKnownFileType = text.plist.strings; name = bn; path = bn.lproj/Localizable.strings; sourceTree = "<group>"; };
		D94BC9203F9C887E0A98FFC1 /* CartBadge.swift */ = {isa = PBXFileReference; lastKnownFileType = sourcecode.swift; path = CartBadge.swift; sourceTree = "<group>"; };
		DDBCB411FFB0558E84C2CF23 /* BrandRepository.swift */ = {isa = PBXFileReference; lastKnownFileType = sourcecode.swift; path = BrandRepository.swift; sourceTree = "<group>"; };
		E647812BF809A66F85E2B52E /* LoyaltyPassManager.swift */ = {isa = PBXFileReference; lastKnownFileType = sourcecode.swift; path = LoyaltyPassManager.swift; sourceTree = "<group>"; };
		E82C82D7602C5C90E782835C /* DeliveryCheckTests.swift */ = {isa = PBXFileReference; lastKnownFileType = sourcecode.swift; path = DeliveryCheckTests.swift; sourceTree = "<group>"; };
		E8AD84061607513B2822EFFA /* MishranUITests.swift */ = {isa = PBXFileReference; lastKnownFileType = sourcecode.swift; path = MishranUITests.swift; sourceTree = "<group>"; };
		E8B64F03123BBD6412145B49 /* ProductCard.swift */ = {isa = PBXFileReference; lastKnownFileType = sourcecode.swift; path = ProductCard.swift; sourceTree = "<group>"; };
		EAF267590E2B7CF2973E9ABC /* HeroCarousel.swift */ = {isa = PBXFileReference; lastKnownFileType = sourcecode.swift; path = HeroCarousel.swift; sourceTree = "<group>"; };
		ED91007C15EEF6F6939E19F7 /* MishranTheme.swift */ = {isa = PBXFileReference; lastKnownFileType = sourcecode.swift; path = MishranTheme.swift; sourceTree = "<group>"; };
		ED9208638C5D1818D4CF0731 /* SeedData.swift */ = {isa = PBXFileReference; lastKnownFileType = sourcecode.swift; path = SeedData.swift; sourceTree = "<group>"; };
		EFE2A19642D9E59D00AE0A0C /* CatalogCache.swift */ = {isa = PBXFileReference; lastKnownFileType = sourcecode.swift; path = CatalogCache.swift; sourceTree = "<group>"; };
		F152053B0471C98B970B6E31 /* CartViewModel.swift */ = {isa = PBXFileReference; lastKnownFileType = sourcecode.swift; path = CartViewModel.swift; sourceTree = "<group>"; };
		F5B0F8EDE61B40874068063A /* AddressRepositoryTests.swift */ = {isa = PBXFileReference; lastKnownFileType = sourcecode.swift; path = AddressRepositoryTests.swift; sourceTree = "<group>"; };
		F731821077C0CABDF68A8AB7 /* OrderStatusBadge.swift */ = {isa = PBXFileReference; lastKnownFileType = sourcecode.swift; path = OrderStatusBadge.swift; sourceTree = "<group>"; };
		F78425EC7E3C93DC0F746229 /* LeadRepository.swift */ = {isa = PBXFileReference; lastKnownFileType = sourcecode.swift; path = LeadRepository.swift; sourceTree = "<group>"; };
		F7E6C07F6E40042AE0DE9A8B /* gu */ = {isa = PBXFileReference; lastKnownFileType = text.plist.strings; name = gu; path = gu.lproj/Localizable.strings; sourceTree = "<group>"; };
		F8643805648D0D0C4744143E /* CatalogSort.swift */ = {isa = PBXFileReference; lastKnownFileType = sourcecode.swift; path = CatalogSort.swift; sourceTree = "<group>"; };
		FB2D5CCEC82A98E8B9673E0B /* EnquiryViewModel.swift */ = {isa = PBXFileReference; lastKnownFileType = sourcecode.swift; path = EnquiryViewModel.swift; sourceTree = "<group>"; };
		FB32F50AA876A5639C2ED46B /* CatalogScrollTests.swift */ = {isa = PBXFileReference; lastKnownFileType = sourcecode.swift; path = CatalogScrollTests.swift; sourceTree = "<group>"; };
		FB4B0CA54764C50EF5E7288E /* AppleSignInTests.swift */ = {isa = PBXFileReference; lastKnownFileType = sourcecode.swift; path = AppleSignInTests.swift; sourceTree = "<group>"; };
		FBE1FABFF38A0C72EDF688C7 /* EnquiryForm.swift */ = {isa = PBXFileReference; lastKnownFileType = sourcecode.swift; path = EnquiryForm.swift; sourceTree = "<group>"; };
		FD1423E34F3172EC4F74A8C0 /* PackSizes.swift */ = {isa = PBXFileReference; lastKnownFileType = sourcecode.swift; path = PackSizes.swift; sourceTree = "<group>"; };
		FD56C9291F4603EE331C5EE5 /* AddressFormTests.swift */ = {isa = PBXFileReference; lastKnownFileType = sourcecode.swift; path = AddressFormTests.swift; sourceTree = "<group>"; };
		FDDEAF15C03DE0206A336E09 /* ta */ = {isa = PBXFileReference; lastKnownFileType = text.plist.strings; name = ta; path = ta.lproj/Localizable.strings; sourceTree = "<group>"; };
		FDE113EDA45F1736AC9CFC9C /* LiveApiUITests.swift */ = {isa = PBXFileReference; lastKnownFileType = sourcecode.swift; path = LiveApiUITests.swift; sourceTree = "<group>"; };
/* End PBXFileReference section */

/* Begin PBXFrameworksBuildPhase section */
		F6633F932A26180FAE92E672 /* Frameworks */ = {
			isa = PBXFrameworksBuildPhase;
			buildActionMask = 2147483647;
			files = (
				70D91A7E60501EDD5F1E5E82 /* RazorpayCheckout in Frameworks */,
			);
			runOnlyForDeploymentPostprocessing = 0;
		};
/* End PBXFrameworksBuildPhase section */

/* Begin PBXGroup section */
		006873865E87C142649BE17A /* Repository */ = {
			isa = PBXGroup;
			children = (
				EFE2A19642D9E59D00AE0A0C /* CatalogCache.swift */,
				2ECCEF7E4112394AACFA9906 /* CatalogRepository.swift */,
			);
			path = Repository;
			sourceTree = "<group>";
		};
		05FE607ACE0ADE854D217AE9 /* swift */ = {
			isa = PBXGroup;
			children = (
				D15083CDE49B78AEB7CE5C9D /* MishranTokens.swift */,
			);
			name = swift;
			path = "../../packages/brand-tokens/generated/swift";
			sourceTree = "<group>";
		};
		0B5EAD862BF0AACF74D87664 /* Sync */ = {
			isa = PBXGroup;
			children = (
				CC4FB88456F99489105CD541 /* CatalogRefreshTask.swift */,
			);
			path = Sync;
			sourceTree = "<group>";
		};
		132604EA27D443488AA53EC1 /* Generated */ = {
			isa = PBXGroup;
			children = (
				3EB449DDE1CB39FD5AAAA23D /* ios */,
				05FE607ACE0ADE854D217AE9 /* swift */,
				7A204494CAE722B74F019A29 /* swift */,
			);
			name = Generated;
			sourceTree = "<group>";
		};
		17C028E83639E369C89B5667 /* Stories */ = {
			isa = PBXGroup;
			children = (
				5F7313F610F6C0620B8BE661 /* StoriesView.swift */,
				71DEECC6232626E489020B03 /* StoryFormatting.swift */,
				8483C2A30BCC5D6DC3EC133E /* StoryPillar.swift */,
				A1788F125B460F96BB7E6C4F /* StoryReaderView.swift */,
			);
			path = Stories;
			sourceTree = "<group>";
		};
		2151190F5F0E309DA23ADD32 /* Gift */ = {
			isa = PBXGroup;
			children = (
				92411FA592EA5FC026897389 /* GiftForm.swift */,
				7DDC5C5B6DC60B237DA073D8 /* GiftView.swift */,
				7EFEE24CEDB6D3216CF15F79 /* GiftViewModel.swift */,
			);
			path = Gift;
			sourceTree = "<group>";
		};
		373428739F4E862B7FE6F4E7 /* Components */ = {
			isa = PBXGroup;
			children = (
				F731821077C0CABDF68A8AB7 /* OrderStatusBadge.swift */,
				8F6990934CD0E6C33B903BC5 /* ProductRemoteImage.swift */,
			);
			path = Components;
			sourceTree = "<group>";
		};
		38B7671EDD615B14DCAC04A4 /* Orders */ = {
			isa = PBXGroup;
			children = (
				B84FDA4A5FB5D784F7BBBBCB /* OrderConfirmedView.swift */,
				0BB199895148C72A88679FE4 /* OrderDetailView.swift */,
				6836CBCA9A6BB2BBD587BF74 /* OrderDetailViewModel.swift */,
				0C7F44D92EAA043CCF853F9D /* OrderListView.swift */,
			);
			path = Orders;
			sourceTree = "<group>";
		};
		3AD1ABC8970B553873645EFA /* Addresses */ = {
			isa = PBXGroup;
			children = (
				3B7587EDC2C7CEECBE6E6DCB /* AddressesView.swift */,
				7779E5F4D784B9B2DF80DF7A /* AddressesViewModel.swift */,
				7DD2715A504BAE8D7F50088F /* AddressFormView.swift */,
			);
			path = Addresses;
			sourceTree = "<group>";
		};
		3B29749DEA5CABF32922E983 = {
			isa = PBXGroup;
			children = (
				D1C7CF35CFC86189210BDBCE /* Mishran.xctestplan */,
				132604EA27D443488AA53EC1 /* Generated */,
				B5B5DF2A3F7F9D39FBB3A74E /* Mishran */,
				F74AB2076E8EB487B7552C9F /* MishranTests */,
				6FCE1B0A562DFF922CA88B6C /* MishranUITests */,
				CEAA4CCE4A3E1D6A2C15B94B /* Products */,
			);
			sourceTree = "<group>";
		};
		3EB449DDE1CB39FD5AAAA23D /* ios */ = {
			isa = PBXGroup;
			children = (
				73441BCE6386DC927C453A59 /* Localizable.strings */,
			);
			name = ios;
			path = "../../packages/i18n-strings/generated/ios";
			sourceTree = "<group>";
		};
		4FA00A45371BA26DDBF33A0C /* Auth */ = {
			isa = PBXGroup;
			children = (
				A6568E092C76DE87C87CC8B6 /* AppleSignInButton.swift */,
				8008BA765E8DCAF04F9892DD /* AppleSignInCoordinator.swift */,
				C68431822FCFD10052C69E84 /* AuthViewModel.swift */,
				9676FDF11354D50F0311FE96 /* BiometricGate.swift */,
				AC83CE02DB09238F8FF3887C /* BiometricGateView.swift */,
				67D0C6C11D7C185ADC27F041 /* CountryPickerSheet.swift */,
				B404AD75DE1DA281F709981F /* OTPView.swift */,
				58465808FD09EC9AEA493F2D /* PhoneEntryView.swift */,
			);
			path = Auth;
			sourceTree = "<group>";
		};
		58928F19A50FA2B2B8CD4840 /* AppShell */ = {
			isa = PBXGroup;
			children = (
				EAF267590E2B7CF2973E9ABC /* HeroCarousel.swift */,
				342A6835314B7C6289AA6956 /* HomeView.swift */,
				96419773D8968ABB05ACB046 /* HomeViewModel.swift */,
			);
			path = AppShell;
			sourceTree = "<group>";
		};
		5D687E43B492F5E5BDBCFFA7 /* UI */ = {
			isa = PBXGroup;
			children = (
				F3F910D3D2D309F5D16CF1C2 /* Account */,
				3AD1ABC8970B553873645EFA /* Addresses */,
				58928F19A50FA2B2B8CD4840 /* AppShell */,
				4FA00A45371BA26DDBF33A0C /* Auth */,
				F3D719F97D636C46DB5B82C0 /* Cart */,
				FB541AAA5FA595EF0C236AD0 /* Catalog */,
				A11683A0CCE8672B07435028 /* Checkout */,
				373428739F4E862B7FE6F4E7 /* Components */,
				776F30C265809D50C6E72A5F /* Enquiry */,
				2151190F5F0E309DA23ADD32 /* Gift */,
				38B7671EDD615B14DCAC04A4 /* Orders */,
				6DB8AA1BF3E08D5AF6B49F7D /* Product */,
				17C028E83639E369C89B5667 /* Stories */,
				E88DBCA5397F202E3DE382C7 /* Verticals */,
			);
			path = UI;
			sourceTree = "<group>";
		};
		67EACA78FC84220DADB2E69E /* LiveActivity */ = {
			isa = PBXGroup;
			children = (
				824C93F1D0932E5DEA6A05C8 /* DeliveryAttributes.swift */,
				9B0148C12898D2AEFEC886FA /* LiveActivityManager.swift */,
			);
			path = LiveActivity;
			sourceTree = "<group>";
		};
		6DB8AA1BF3E08D5AF6B49F7D /* Product */ = {
			isa = PBXGroup;
			children = (
				0B3AFCB15CC82712F4325C44 /* AddToCartButton.swift */,
				0D7373C10CB51D179ED6EB5D /* BuyNowButton.swift */,
				973A6DA7DAA94B6DE8E2605A /* DeliveryCheck.swift */,
				527447227CF3E458EFB401BA /* PackSizePicker.swift */,
				FD1423E34F3172EC4F74A8C0 /* PackSizes.swift */,
				057EA831416672A410B8A983 /* ProductDetailView.swift */,
				3958B3310C55B430C1A8788B /* ProductDetailViewModel.swift */,
				46E74593A6376B6833A2DEDF /* QuantitySelector.swift */,
			);
			path = Product;
			sourceTree = "<group>";
		};
		6FCE1B0A562DFF922CA88B6C /* MishranUITests */ = {
			isa = PBXGroup;
			children = (
				A6575E90C61D6190AA687E88 /* AccessibilityTests.swift */,
				CBCD922D98E4F596E91C2BB3 /* AuthUITests.swift */,
				FDE113EDA45F1736AC9CFC9C /* LiveApiUITests.swift */,
				E8AD84061607513B2822EFFA /* MishranUITests.swift */,
				64620CDA70359F2FAF3E0AC9 /* NavigationUITests.swift */,
				C59BEECC5B82F1F33C74B8B9 /* RevocationFlowUITest.swift */,
			);
			path = MishranUITests;
			sourceTree = "<group>";
		};
		776F30C265809D50C6E72A5F /* Enquiry */ = {
			isa = PBXGroup;
			children = (
				FBE1FABFF38A0C72EDF688C7 /* EnquiryForm.swift */,
				2584F0BB6B155A1C8E473AF3 /* EnquiryView.swift */,
				FB2D5CCEC82A98E8B9673E0B /* EnquiryViewModel.swift */,
			);
			path = Enquiry;
			sourceTree = "<group>";
		};
		7A204494CAE722B74F019A29 /* swift */ = {
			isa = PBXGroup;
			children = (
				58395290B2B24C1696C7A7E3 /* MishranCountries.swift */,
			);
			name = swift;
			path = "../../packages/country-codes/generated/swift";
			sourceTree = "<group>";
		};
		7D5F33F436ED312A8CBD2328 /* Push */ = {
			isa = PBXGroup;
			children = (
				9CF55A83645C40970E80C152 /* DeviceRegistrar.swift */,
				1CCD1EFAEB38141845913FEA /* PushDelegate.swift */,
				3CBE5C7BE6081E0ECFE196FD /* PushPermissionRequester.swift */,
			);
			path = Push;
			sourceTree = "<group>";
		};
		83F9AD1D5FF3891E471A09B6 /* Navigation */ = {
			isa = PBXGroup;
			children = (
				B5D23986BE08057D412B120B /* DeepLinkHandler.swift */,
				0D6EE45F8BABD45F7382D47E /* Route.swift */,
				4A1A994EB9D1587A43329B4B /* Router.swift */,
			);
			path = Navigation;
			sourceTree = "<group>";
		};
		A11683A0CCE8672B07435028 /* Checkout */ = {
			isa = PBXGroup;
			children = (
				69EF5FFF260D8EBC69A3ED5A /* AddressPicker.swift */,
				5384924CE7B94056D974BAAC /* CheckoutView.swift */,
				60104183AB6B52BD81194EF5 /* CheckoutViewModel.swift */,
				216B46F1EBE74875531A80EE /* PaymentMethodPicker.swift */,
				557BDC90C27B02C28EE85F24 /* RazorpayCoordinator.swift */,
				56520E6F1D7EFAAB5C70A16B /* SlotPicker.swift */,
			);
			path = Checkout;
			sourceTree = "<group>";
		};
		A30C96306FA30E8C3EEF046C /* Support */ = {
			isa = PBXGroup;
			children = (
				C76981C6A001264A75F07C84 /* Localization.swift */,
				216952AB9C5FCF6B422E99B5 /* WhatsAppMessages.swift */,
			);
			path = Support;
			sourceTree = "<group>";
		};
		A95C935DD370B532536CC79E /* Performance */ = {
			isa = PBXGroup;
			children = (
				FB32F50AA876A5639C2ED46B /* CatalogScrollTests.swift */,
				327DF2FDC184301C4A0AD3C2 /* ColdStartTests.swift */,
			);
			path = Performance;
			sourceTree = "<group>";
		};
		B5B5DF2A3F7F9D39FBB3A74E /* Mishran */ = {
			isa = PBXGroup;
			children = (
				38C61D8573D8238A69276ACD /* Assets.xcassets */,
				4C872A2150AEB654FFA2B9D7 /* ExportOptions.plist */,
				7ACC75BEA637550855532CA3 /* Info.plist */,
				BDE71F58C13E6FF43A4F0680 /* Mishran.entitlements */,
				D8DB1B710CA72B53C3537FB5 /* MishranApp.swift */,
				E3F0B410FAE52CE718CD4E6E /* Accessibility */,
				B6BBCFE354652AF6E8CADEAD /* Data */,
				67EACA78FC84220DADB2E69E /* LiveActivity */,
				83F9AD1D5FF3891E471A09B6 /* Navigation */,
				7D5F33F436ED312A8CBD2328 /* Push */,
				A30C96306FA30E8C3EEF046C /* Support */,
				D9E82DA9C05F8170E3E9720D /* Theme */,
				5D687E43B492F5E5BDBCFFA7 /* UI */,
				ED64B27DDAA28359E9CF63A8 /* Wallet */,
			);
			path = Mishran;
			sourceTree = "<group>";
		};
		B6BBCFE354652AF6E8CADEAD /* Data */ = {
			isa = PBXGroup;
			children = (
				C0D924D8E7A4AC5DACD9B320 /* Local */,
				F6DB868975A4954DEFEBC782 /* Remote */,
				006873865E87C142649BE17A /* Repository */,
				0B5EAD862BF0AACF74D87664 /* Sync */,
			);
			path = Data;
			sourceTree = "<group>";
		};
		C0D924D8E7A4AC5DACD9B320 /* Local */ = {
			isa = PBXGroup;
			children = (
				74A4A9D1DB2500B7A437F297 /* KeychainHelper.swift */,
				10B29822DDA008F5A6BAD2EB /* ModelContainerFactory.swift */,
				ED9208638C5D1818D4CF0731 /* SeedData.swift */,
				17F6E1F7404D245F24FE9B87 /* SwiftDataModels.swift */,
			);
			path = Local;
			sourceTree = "<group>";
		};
		CEAA4CCE4A3E1D6A2C15B94B /* Products */ = {
			isa = PBXGroup;
			children = (
				9FE3F782C4272E71BD283282 /* Mishran.app */,
				BEDC8DC14F2500F2AA893CD2 /* MishranTests.xctest */,
				9D530C7E3563C4D49DEF96BB /* MishranUITests.xctest */,
			);
			name = Products;
			sourceTree = "<group>";
		};
		D9E82DA9C05F8170E3E9720D /* Theme */ = {
			isa = PBXGroup;
			children = (
				ED91007C15EEF6F6939E19F7 /* MishranTheme.swift */,
			);
			path = Theme;
			sourceTree = "<group>";
		};
		E3F0B410FAE52CE718CD4E6E /* Accessibility */ = {
			isa = PBXGroup;
			children = (
				6650E7C3E56C1E00A96507EC /* AccessibilityHelpers.swift */,
			);
			path = Accessibility;
			sourceTree = "<group>";
		};
		E88DBCA5397F202E3DE382C7 /* Verticals */ = {
			isa = PBXGroup;
			children = (
				7CD29D81E58338EE216FD8BF /* MerchDetailView.swift */,
				745D2202FC87FD86095D2787 /* QsrDetailView.swift */,
				CA77DD9AB069A171600F3B45 /* SnackDetailView.swift */,
			);
			path = Verticals;
			sourceTree = "<group>";
		};
		ED64B27DDAA28359E9CF63A8 /* Wallet */ = {
			isa = PBXGroup;
			children = (
				E647812BF809A66F85E2B52E /* LoyaltyPassManager.swift */,
				7A2B5903318B7854CFD9D7D0 /* WalletPassView.swift */,
			);
			path = Wallet;
			sourceTree = "<group>";
		};
		F3D719F97D636C46DB5B82C0 /* Cart */ = {
			isa = PBXGroup;
			children = (
				D94BC9203F9C887E0A98FFC1 /* CartBadge.swift */,
				BDA138DEEE85AFEF2A870BE4 /* CartLineItem.swift */,
				5A3C9B2094A54AD694C17BCB /* CartView.swift */,
				F152053B0471C98B970B6E31 /* CartViewModel.swift */,
			);
			path = Cart;
			sourceTree = "<group>";
		};
		F3F910D3D2D309F5D16CF1C2 /* Account */ = {
			isa = PBXGroup;
			children = (
				182B18816247C3A1DF844972 /* AccountView.swift */,
				A88C81BF2201A0146A1CC9A6 /* AccountViewModel.swift */,
			);
			path = Account;
			sourceTree = "<group>";
		};
		F6DB868975A4954DEFEBC782 /* Remote */ = {
			isa = PBXGroup;
			children = (
				C3527E6019949F8428C82111 /* AddressRepository.swift */,
				CE06CF24565A57CA9FCAA9AD /* APIError.swift */,
				B4E15EA367D070805A633A6C /* Authenticator.swift */,
				DDBCB411FFB0558E84C2CF23 /* BrandRepository.swift */,
				6D0E622CC322FD71D228D9A1 /* DTOs.swift */,
				CAED0D2ACB563E649EF0B480 /* Endpoint.swift */,
				203E0099047EE67B6DB5EF38 /* HeroRepository.swift */,
				F78425EC7E3C93DC0F746229 /* LeadRepository.swift */,
				AA438316FABC42993AEAC8DD /* MishranAPIClient.swift */,
				94A3A87A72F2DF07FF5B3150 /* StoryRepository.swift */,
				2E097B87373AE9CAE82E8B96 /* VerticalsRepository.swift */,
			);
			path = Remote;
			sourceTree = "<group>";
		};
		F74AB2076E8EB487B7552C9F /* MishranTests */ = {
			isa = PBXGroup;
			children = (
				FD56C9291F4603EE331C5EE5 /* AddressFormTests.swift */,
				F5B0F8EDE61B40874068063A /* AddressRepositoryTests.swift */,
				42DE5E76A474C16C34FC4633 /* APIClientTests.swift */,
				FB4B0CA54764C50EF5E7288E /* AppleSignInTests.swift */,
				D4774C4B2CF65897F30615C9 /* AuthViewModelTests.swift */,
				CA6B6F05C67F3B5110ED193B /* BrandRepositoryTests.swift */,
				1EBE2E36C2FF8DB8FE4C528E /* CartBadgeTests.swift */,
				3A4B54152260D000962946B9 /* CartViewModelTests.swift */,
				1DA54984EE19823EDAE55EBC /* CatalogRepositoryTests.swift */,
				5E023DB28BA92429906660F0 /* CatalogSortTests.swift */,
				D2F4465B83E8F544B1DDB616 /* CatalogViewModelTests.swift */,
				608A8F33A9B70154DC268F53 /* CheckoutViewModelTests.swift */,
				91DF3D42184874F4F42CC512 /* DeepLinkTests.swift */,
				E82C82D7602C5C90E782835C /* DeliveryCheckTests.swift */,
				2CC4FE246E8452E8971EAB8F /* EnquiryFormTests.swift */,
				6C6F6CCD3E7ECEED21908FF9 /* GiftFormTests.swift */,
				A888EE4A9DDB8F8AEDC7B62B /* HeroRepositoryTests.swift */,
				0560626CB3904256FA3B6F7D /* HomeViewModelTests.swift */,
				5D12DD757BE134A9B7406611 /* KeychainAndBiometricTests.swift */,
				D75EF5D7129E77F29075ACA6 /* LiveActivityManagerTests.swift */,
				4AD2938F9587022374A9DE29 /* LoyaltyPassTests.swift */,
				315A6771BF7A84128F55A815 /* OrdersViewModelTests.swift */,
				2D9C48C48B9DC3460B5D0877 /* PackSizesTests.swift */,
				21A85AB2A6DDC20144358071 /* ProductCardInitTests.swift */,
				B5A462F19B1C8E989A459CDE /* ProductCardSnapshotTests.swift */,
				A48A5980852C073E51B9FBFF /* ProductDetailViewModelTests.swift */,
				2281E986EC07089C8334D767 /* PushRegistrationTests.swift */,
				82730F53B7A9C3AE55E3ADCD /* RazorpayCoordinatorTests.swift */,
				3FA5512406A0E7CF2D3A9BF1 /* StoryPillarTests.swift */,
				366DAF2835A246C4E1B01A8A /* StoryRepositoryTests.swift */,
				2AE52F788D91A165CA52C5AA /* SwiftDataModelTests.swift */,
				A2C05DD9A4CCADB52C9273BA /* ThemeTests.swift */,
				CA8FDA1C41F05C1B08848412 /* VerticalCatalogViewModelTests.swift */,
				993DC165EB67D40067AC7ADE /* WhatsAppMessagesTests.swift */,
				A95C935DD370B532536CC79E /* Performance */,
			);
			path = MishranTests;
			sourceTree = "<group>";
		};
		FB541AAA5FA595EF0C236AD0 /* Catalog */ = {
			isa = PBXGroup;
			children = (
				F8643805648D0D0C4744143E /* CatalogSort.swift */,
				47991E844FC2618D4D5A5DBA /* CatalogView.swift */,
				5AA52F7BFE031ED8E4342964 /* CatalogViewModel.swift */,
				131DE0E7667A8BBA133CE155 /* FilterSheet.swift */,
				E8B64F03123BBD6412145B49 /* ProductCard.swift */,
				5E57BE829A139A016A5663CF /* SearchBar.swift */,
				1BB9B0CB505C52A7CC6B0D2B /* VerticalCatalogViewModel.swift */,
				94BFE7738647500D2FF5B4DF /* VerticalListView.swift */,
				068C4A4415A907EF29363E2A /* Verticals.swift */,
			);
			path = Catalog;
			sourceTree = "<group>";
		};
/* End PBXGroup section */

/* Begin PBXNativeTarget section */
		2C49B580602E129C08366052 /* MishranUITests */ = {
			isa = PBXNativeTarget;
			buildConfigurationList = A43B2F153A481A9D0A26267F /* Build configuration list for PBXNativeTarget "MishranUITests" */;
			buildPhases = (
				30F6188B44BE5ED3FA15661D /* Sources */,
			);
			buildRules = (
			);
			dependencies = (
				85D45F8570359B26880A3BD7 /* PBXTargetDependency */,
			);
			name = MishranUITests;
			packageProductDependencies = (
			);
			productName = MishranUITests;
			productReference = 9D530C7E3563C4D49DEF96BB /* MishranUITests.xctest */;
			productType = "com.apple.product-type.bundle.ui-testing";
		};
		5AC9D4BAA9624C10E8CE992B /* MishranTests */ = {
			isa = PBXNativeTarget;
			buildConfigurationList = E03A21A786D3442E63F717CA /* Build configuration list for PBXNativeTarget "MishranTests" */;
			buildPhases = (
				BD1143CB804070E686AE66F8 /* Sources */,
			);
			buildRules = (
			);
			dependencies = (
				39693A26B470F2C6FB649FA2 /* PBXTargetDependency */,
			);
			name = MishranTests;
			packageProductDependencies = (
			);
			productName = MishranTests;
			productReference = BEDC8DC14F2500F2AA893CD2 /* MishranTests.xctest */;
			productType = "com.apple.product-type.bundle.unit-test";
		};
		D1B295700D76C68137328D08 /* Mishran */ = {
			isa = PBXNativeTarget;
			buildConfigurationList = 27EA8B3190FDED195FC41B90 /* Build configuration list for PBXNativeTarget "Mishran" */;
			buildPhases = (
				7453360AB9162D9E0B5671C8 /* Sources */,
				FDB4F1096A02DB0888F80F9E /* Resources */,
				F6633F932A26180FAE92E672 /* Frameworks */,
			);
			buildRules = (
			);
			dependencies = (
			);
			name = Mishran;
			packageProductDependencies = (
				231294D2DC7536DD79AE9C48 /* RazorpayCheckout */,
			);
			productName = Mishran;
			productReference = 9FE3F782C4272E71BD283282 /* Mishran.app */;
			productType = "com.apple.product-type.application";
		};
/* End PBXNativeTarget section */

/* Begin PBXProject section */
		068F6588F6E5AA439AA8F934 /* Project object */ = {
			isa = PBXProject;
			attributes = {
				BuildIndependentTargetsInParallel = YES;
				LastUpgradeCheck = 1430;
				TargetAttributes = {
					2C49B580602E129C08366052 = {
						DevelopmentTeam = 2X7B7DMV95;
						ProvisioningStyle = Automatic;
						TestTargetID = D1B295700D76C68137328D08;
					};
					5AC9D4BAA9624C10E8CE992B = {
						DevelopmentTeam = 2X7B7DMV95;
						ProvisioningStyle = Automatic;
					};
					D1B295700D76C68137328D08 = {
						DevelopmentTeam = 2X7B7DMV95;
						ProvisioningStyle = Automatic;
					};
				};
			};
			buildConfigurationList = 4AED9ECFCF315B3DBDBE37BF /* Build configuration list for PBXProject "Mishran" */;
			developmentRegion = en;
			hasScannedForEncodings = 0;
			knownRegions = (
				Base,
				bn,
				en,
				gu,
				hi,
				kn,
				mr,
				pa,
				ta,
				te,
			);
			mainGroup = 3B29749DEA5CABF32922E983;
			minimizedProjectReferenceProxies = 1;
			packageReferences = (
				708011D80731D252F592FDB8 /* XCRemoteSwiftPackageReference "razorpay-pod" */,
			);
			preferredProjectObjectVersion = 77;
			productRefGroup = CEAA4CCE4A3E1D6A2C15B94B /* Products */;
			projectDirPath = "";
			projectRoot = "";
			targets = (
				D1B295700D76C68137328D08 /* Mishran */,
				2C49B580602E129C08366052 /* MishranUITests */,
				5AC9D4BAA9624C10E8CE992B /* MishranTests */,
			);
		};
/* End PBXProject section */

/* Begin PBXResourcesBuildPhase section */
		FDB4F1096A02DB0888F80F9E /* Resources */ = {
			isa = PBXResourcesBuildPhase;
			buildActionMask = 2147483647;
			files = (
				9FD03ADFDD9C9409D7C60BF2 /* Assets.xcassets in Resources */,
				9F6E4F9297504C2A33DBD2D8 /* ExportOptions.plist in Resources */,
				C61D4E1FE8C452066D3F0EDB /* Localizable.strings in Resources */,
			);
			runOnlyForDeploymentPostprocessing = 0;
		};
/* End PBXResourcesBuildPhase section */

/* Begin PBXSourcesBuildPhase section */
		30F6188B44BE5ED3FA15661D /* Sources */ = {
			isa = PBXSourcesBuildPhase;
			buildActionMask = 2147483647;
			files = (
				D1A709FD27EB85DD3CA54052 /* AccessibilityTests.swift in Sources */,
				9F0470D37E60CB3A0B5F97A1 /* AuthUITests.swift in Sources */,
				EE3E7CB2E1AB91D3CDD65EEE /* LiveApiUITests.swift in Sources */,
				BD20E249EB84D2D509889488 /* MishranUITests.swift in Sources */,
				01426908FD705FCA1750E7E6 /* NavigationUITests.swift in Sources */,
				274321063DC6FE5E8BCE2D14 /* RevocationFlowUITest.swift in Sources */,
			);
			runOnlyForDeploymentPostprocessing = 0;
		};
		7453360AB9162D9E0B5671C8 /* Sources */ = {
			isa = PBXSourcesBuildPhase;
			buildActionMask = 2147483647;
			files = (
				A3985EE883EE06FF0E9483AD /* APIError.swift in Sources */,
				74641FE7A551132C119ADE0E /* AccessibilityHelpers.swift in Sources */,
				3B9C5158DBB467780360AF16 /* AccountView.swift in Sources */,
				E14B6A24E318771875AD4B37 /* AccountViewModel.swift in Sources */,
				9DBF95F3B4960A255A17CF7A /* AddToCartButton.swift in Sources */,
				4AA2F3F6C4ACEBDFEE3EDEE4 /* AddressFormView.swift in Sources */,
				34014DFD934F2F578137ECFF /* AddressPicker.swift in Sources */,
				4B09DB81AF02B025438B4A9F /* AddressRepository.swift in Sources */,
				59CABF02059982C0319380D1 /* AddressesView.swift in Sources */,
				66B7EBDA1FA777D966816940 /* AddressesViewModel.swift in Sources */,
				BDCE79859C11C7B37686B446 /* AppleSignInButton.swift in Sources */,
				F04D40EE38856295308A145D /* AppleSignInCoordinator.swift in Sources */,
				9C9AFBD5F27AE26EBF166126 /* AuthViewModel.swift in Sources */,
				11E5D63EF7D33F646CFE7B67 /* Authenticator.swift in Sources */,
				4CE6542461877B26241C34F3 /* BiometricGate.swift in Sources */,
				5241D9593377B8F8C42420FC /* BiometricGateView.swift in Sources */,
				27C09CF0B1B1AFB09C57CC68 /* BrandRepository.swift in Sources */,
				2AB9978216CC1BCD54178B3E /* BuyNowButton.swift in Sources */,
				AAF00B9D39423E4775B46DB9 /* CartBadge.swift in Sources */,
				A94C62C4F095C3301CF0FC6B /* CartLineItem.swift in Sources */,
				59ADC11FAB6700259C9586D5 /* CartView.swift in Sources */,
				CB6CE45AEA7D48EB3A3A00FE /* CartViewModel.swift in Sources */,
				D54483EDE2136689A3AA93A4 /* CatalogCache.swift in Sources */,
				D90B8AB29B8ABD84F8318EB4 /* CatalogRefreshTask.swift in Sources */,
				BFA7B4E72135CA7CB56F15B7 /* CatalogRepository.swift in Sources */,
				E98DA9F04BA2B8225346D943 /* CatalogSort.swift in Sources */,
				B36E3B62A15B85F6EF2F22AF /* CatalogView.swift in Sources */,
				040407FBCA86270831AB6065 /* CatalogViewModel.swift in Sources */,
				475CFEE377A5A4F6B10BF9A1 /* CheckoutView.swift in Sources */,
				23A239703DE20415072B8E80 /* CheckoutViewModel.swift in Sources */,
				3D85B820AC503DDE3B98F92B /* CountryPickerSheet.swift in Sources */,
				5DCF00EBFACD0A6E0F37D9DF /* DTOs.swift in Sources */,
				6B2A9A756E587C152AC0F7D2 /* DeepLinkHandler.swift in Sources */,
				204DB3D2D023360D50D1E607 /* DeliveryAttributes.swift in Sources */,
				58B2F78E47222A6E4672C1E2 /* DeliveryCheck.swift in Sources */,
				558A0AF3CAC117F0B0B3D84C /* DeviceRegistrar.swift in Sources */,
				83973606D789D3E21B7B8528 /* Endpoint.swift in Sources */,
				781F9AC5E732760292D0BFAF /* EnquiryForm.swift in Sources */,
				05B5B4F2503A3175CC8E60C6 /* EnquiryView.swift in Sources */,
				389BA5B11E0A7581FAB38E9C /* EnquiryViewModel.swift in Sources */,
				6CCC747B899B6C9881054032 /* FilterSheet.swift in Sources */,
				5F76E6BC55BC16CBDAF8849E /* GiftForm.swift in Sources */,
				7781422BAC73D3E17225750B /* GiftView.swift in Sources */,
				ADDD31EEBF7044E2271A6D70 /* GiftViewModel.swift in Sources */,
				7D9AFB0349F0BD94280BBCB8 /* HeroCarousel.swift in Sources */,
				D431790501096E49AAA53975 /* HeroRepository.swift in Sources */,
				277FEF28E047946FE3822918 /* HomeView.swift in Sources */,
				CCE7E6111F6E2F67296F47BB /* HomeViewModel.swift in Sources */,
				EE7F140846CF5EB22A6CFF6C /* KeychainHelper.swift in Sources */,
				C5624FFB8A7B6997F04805CC /* LeadRepository.swift in Sources */,
				186A3AB14234585B0DCF8957 /* LiveActivityManager.swift in Sources */,
				EF1098E09C584E79EBF7B0CE /* Localization.swift in Sources */,
				2357C333BC70625232AB201B /* LoyaltyPassManager.swift in Sources */,
				42AD67CE5DCFB830108782EB /* MerchDetailView.swift in Sources */,
				B2DAA6BC451CF54279A60DAC /* MishranAPIClient.swift in Sources */,
				8E2667EF644522F496C20C20 /* MishranApp.swift in Sources */,
				CB24791BC52466B487B2DD4A /* MishranCountries.swift in Sources */,
				50179D7DB34E1CE9D50AB3E7 /* MishranTheme.swift in Sources */,
				84F381E7BA4D6C9C295196A1 /* MishranTokens.swift in Sources */,
				95803D6C83C1B4DC3A1E71E4 /* ModelContainerFactory.swift in Sources */,
				C2EFA9133A34076358A8935B /* OTPView.swift in Sources */,
				B8ED78A244A10DFF917AA742 /* OrderConfirmedView.swift in Sources */,
				8C7788A86A5962A26D96F3A0 /* OrderDetailView.swift in Sources */,
				0823B05C7F0CC88D994A7B59 /* OrderDetailViewModel.swift in Sources */,
				71A09F51493AA909ACF73DAD /* OrderListView.swift in Sources */,
				80207BD0EF821270C8BC6ABA /* OrderStatusBadge.swift in Sources */,
				55B5E36F28677277EF82E7FB /* PackSizePicker.swift in Sources */,
				53203434869422078F3DE858 /* PackSizes.swift in Sources */,
				431098FAAAC6DDA91BB77D42 /* PaymentMethodPicker.swift in Sources */,
				F4576857819DFBE595478C4A /* PhoneEntryView.swift in Sources */,
				F2BD4A59463083692303DBE5 /* ProductCard.swift in Sources */,
				25C19354A1430F709BA572A3 /* ProductDetailView.swift in Sources */,
				3FAA8FDEBCBA2525DDDE120D /* ProductDetailViewModel.swift in Sources */,
				F9E33442E81A26DFA754E798 /* ProductRemoteImage.swift in Sources */,
				181AFB73EFEAD306391C9EF1 /* PushDelegate.swift in Sources */,
				8E35FCFDCBD80F8F6E3E7E36 /* PushPermissionRequester.swift in Sources */,
				8170ED60262CEF008ADD5A41 /* QsrDetailView.swift in Sources */,
				DFC97BC9292838CD64A337E2 /* QuantitySelector.swift in Sources */,
				9C7A6B6FB71F40282BEF70AD /* RazorpayCoordinator.swift in Sources */,
				8C167D518B491CBC4E136210 /* Route.swift in Sources */,
				BDCB0C231117C2D7A860D61E /* Router.swift in Sources */,
				C92FE9C121D4433806A99794 /* SearchBar.swift in Sources */,
				9C4704FA753E12516E498B4C /* SeedData.swift in Sources */,
				5D0BD8A2DEA298E5516DD416 /* SlotPicker.swift in Sources */,
				68264C0171F2DA6C1D62D455 /* SnackDetailView.swift in Sources */,
				18EFBFC5A9380E44FA16AD3A /* StoriesView.swift in Sources */,
				5B8F9E4A5AE9D02AA556EC8B /* StoryFormatting.swift in Sources */,
				CE823D38E7176D344874C91B /* StoryPillar.swift in Sources */,
				553B92FAB1782E1A59209C7A /* StoryReaderView.swift in Sources */,
				AED872AED08D14214380378F /* StoryRepository.swift in Sources */,
				88D4B0C4E1A3F32E8BCC7E30 /* SwiftDataModels.swift in Sources */,
				67ACE99FE05696911793FA0C /* VerticalCatalogViewModel.swift in Sources */,
				7C9750A1D0460F06E2C6A118 /* VerticalListView.swift in Sources */,
				CD60C4EED7FEBE4F4493AF5E /* Verticals.swift in Sources */,
				4F6C1E832023348299D2C8F4 /* VerticalsRepository.swift in Sources */,
				7546055FCC0B770CA6412842 /* WalletPassView.swift in Sources */,
				6C5F6186D3E856AF152B8E43 /* WhatsAppMessages.swift in Sources */,
			);
			runOnlyForDeploymentPostprocessing = 0;
		};
		BD1143CB804070E686AE66F8 /* Sources */ = {
			isa = PBXSourcesBuildPhase;
			buildActionMask = 2147483647;
			files = (
				761CCC593D07CFC0546F0BA0 /* APIClientTests.swift in Sources */,
				7C1B1523B6FDC4D9A3AE86FD /* AddressFormTests.swift in Sources */,
				2C670DF4681C96FA400B0247 /* AddressRepositoryTests.swift in Sources */,
				9E4748531BA06BC94A2C484F /* AppleSignInTests.swift in Sources */,
				59B2B9B58C01BA97CC40881D /* AuthViewModelTests.swift in Sources */,
				ECAF25A81CEB6D82104143FB /* BrandRepositoryTests.swift in Sources */,
				123C7729529020F117F69B2E /* CartBadgeTests.swift in Sources */,
				574C9AB932A24DF992905FBD /* CartViewModelTests.swift in Sources */,
				425D41BA0C51A30BEAB5B3DD /* CatalogRepositoryTests.swift in Sources */,
				DE6CFFC3FBB0F7A9A76B567C /* CatalogScrollTests.swift in Sources */,
				21FCA903AF3964A11D1505F9 /* CatalogSortTests.swift in Sources */,
				D80C102F7326BD58228313B8 /* CatalogViewModelTests.swift in Sources */,
				16AFAC411B397963C72D750C /* CheckoutViewModelTests.swift in Sources */,
				6A4EA7D07810D3769DAA48FC /* ColdStartTests.swift in Sources */,
				ADD7CCDC3C37DC330F12A408 /* DeepLinkTests.swift in Sources */,
				2EC6514792A73316221064A5 /* DeliveryCheckTests.swift in Sources */,
				782D856D3331DA14ED73D5A2 /* EnquiryFormTests.swift in Sources */,
				86D4969B5877727C0CF697EF /* GiftFormTests.swift in Sources */,
				866505938D3DFF68A073CCCC /* HeroRepositoryTests.swift in Sources */,
				3B37B227CCC16B07DB05BB90 /* HomeViewModelTests.swift in Sources */,
				0F8936B3B493D50EC8605D2E /* KeychainAndBiometricTests.swift in Sources */,
				008833B3100CE7B3B60E977D /* LiveActivityManagerTests.swift in Sources */,
				1C98AAE7ACFC4EE56EB25B9F /* LoyaltyPassTests.swift in Sources */,
				69A51C41FCD53D0B6EAC94EF /* OrdersViewModelTests.swift in Sources */,
				7B3FC19C3D58F69CCC1FF908 /* PackSizesTests.swift in Sources */,
				2BC0F57BFA2F8EFBC2209A3E /* ProductCardInitTests.swift in Sources */,
				BC1E4E42C0A73854841E9E77 /* ProductCardSnapshotTests.swift in Sources */,
				315E701EE458F89C88DE27C1 /* ProductDetailViewModelTests.swift in Sources */,
				655748B8C4E2F7FDDC5DDE19 /* PushRegistrationTests.swift in Sources */,
				0BB50EF4FF9169EB606587D8 /* RazorpayCoordinatorTests.swift in Sources */,
				D377E0B4F96E6CB8DEBBED4E /* StoryPillarTests.swift in Sources */,
				DB0F139DE0B213637C8822CE /* StoryRepositoryTests.swift in Sources */,
				ABF0BF37C890C6A8E909992C /* SwiftDataModelTests.swift in Sources */,
				333556C8D78846566DF80474 /* ThemeTests.swift in Sources */,
				3C6BBC4702DF7FD8E6EDC2C2 /* VerticalCatalogViewModelTests.swift in Sources */,
				6EB5EA093AE6BE70603F11C0 /* WhatsAppMessagesTests.swift in Sources */,
			);
			runOnlyForDeploymentPostprocessing = 0;
		};
/* End PBXSourcesBuildPhase section */

/* Begin PBXTargetDependency section */
		39693A26B470F2C6FB649FA2 /* PBXTargetDependency */ = {
			isa = PBXTargetDependency;
			target = D1B295700D76C68137328D08 /* Mishran */;
			targetProxy = D6FDDAC23AFC7BB1872B10D1 /* PBXContainerItemProxy */;
		};
		85D45F8570359B26880A3BD7 /* PBXTargetDependency */ = {
			isa = PBXTargetDependency;
			target = D1B295700D76C68137328D08 /* Mishran */;
			targetProxy = 4DDB153EE20D512035212B97 /* PBXContainerItemProxy */;
		};
/* End PBXTargetDependency section */

/* Begin PBXVariantGroup section */
		73441BCE6386DC927C453A59 /* Localizable.strings */ = {
			isa = PBXVariantGroup;
			children = (
				D93F4D3F4C4F359C6A479863 /* bn */,
				0B6C4D91E2CC269A9F07777D /* en */,
				F7E6C07F6E40042AE0DE9A8B /* gu */,
				3E262E602904FB35C2EBA629 /* hi */,
				32F64925E5EFE636CB7264B3 /* kn */,
				4DDE5AFCC40042CEB720EB1A /* mr */,
				3BB67A76071EDB4BE37BE31C /* pa */,
				FDDEAF15C03DE0206A336E09 /* ta */,
				73CA588F28105AAD3CD802E4 /* te */,
			);
			name = Localizable.strings;
			sourceTree = "<group>";
		};
/* End PBXVariantGroup section */

/* Begin XCBuildConfiguration section */
		193366255096BBE557B1F47B /* Release */ = {
			isa = XCBuildConfiguration;
			buildSettings = {
				BUNDLE_LOADER = "$(TEST_HOST)";
				GENERATE_INFOPLIST_FILE = YES;
				LD_RUNPATH_SEARCH_PATHS = (
					"$(inherited)",
					"@executable_path/Frameworks",
					"@loader_path/Frameworks",
				);
				PRODUCT_BUNDLE_IDENTIFIER = com.mishran.MishranUITests;
				SDKROOT = iphoneos;
				TARGETED_DEVICE_FAMILY = "1,2";
				TEST_TARGET_NAME = Mishran;
			};
			name = Release;
		};
		333743F83372DA091D861B9B /* Debug */ = {
			isa = XCBuildConfiguration;
			buildSettings = {
				BUNDLE_LOADER = "$(TEST_HOST)";
				GENERATE_INFOPLIST_FILE = YES;
				LD_RUNPATH_SEARCH_PATHS = (
					"$(inherited)",
					"@executable_path/Frameworks",
					"@loader_path/Frameworks",
				);
				PRODUCT_BUNDLE_IDENTIFIER = com.mishran.MishranUITests;
				SDKROOT = iphoneos;
				TARGETED_DEVICE_FAMILY = "1,2";
				TEST_TARGET_NAME = Mishran;
			};
			name = Debug;
		};
		33C4A4D4E0ECBE3C43A6A479 /* Debug */ = {
			isa = XCBuildConfiguration;
			buildSettings = {
				ASSETCATALOG_COMPILER_APPICON_NAME = AppIcon;
				CODE_SIGN_ENTITLEMENTS = Mishran/Mishran.entitlements;
				CODE_SIGN_IDENTITY = "iPhone Developer";
				INFOPLIST_FILE = Mishran/Info.plist;
				LD_RUNPATH_SEARCH_PATHS = (
					"$(inherited)",
					"@executable_path/Frameworks",
				);
				PRODUCT_BUNDLE_IDENTIFIER = com.mishran.app;
				SDKROOT = iphoneos;
				TARGETED_DEVICE_FAMILY = 1;
			};
			name = Debug;
		};
		4488D2A72AFEB68FA4478A0D /* Debug */ = {
			isa = XCBuildConfiguration;
			buildSettings = {
				BUNDLE_LOADER = "$(TEST_HOST)";
				GENERATE_INFOPLIST_FILE = YES;
				LD_RUNPATH_SEARCH_PATHS = (
					"$(inherited)",
					"@executable_path/Frameworks",
					"@loader_path/Frameworks",
				);
				PRODUCT_BUNDLE_IDENTIFIER = com.mishran.MishranTests;
				SDKROOT = iphoneos;
				TARGETED_DEVICE_FAMILY = "1,2";
				TEST_HOST = "$(BUILT_PRODUCTS_DIR)/Mishran.app/Mishran";
			};
			name = Debug;
		};
		473FD913BD826B80C0963060 /* Release */ = {
			isa = XCBuildConfiguration;
			buildSettings = {
				ASSETCATALOG_COMPILER_APPICON_NAME = AppIcon;
				CODE_SIGN_ENTITLEMENTS = Mishran/Mishran.entitlements;
				CODE_SIGN_IDENTITY = "iPhone Developer";
				INFOPLIST_FILE = Mishran/Info.plist;
				LD_RUNPATH_SEARCH_PATHS = (
					"$(inherited)",
					"@executable_path/Frameworks",
				);
				PRODUCT_BUNDLE_IDENTIFIER = com.mishran.app;
				SDKROOT = iphoneos;
				TARGETED_DEVICE_FAMILY = 1;
			};
			name = Release;
		};
		54F9A646263656F71EE44FE8 /* Release */ = {
			isa = XCBuildConfiguration;
			buildSettings = {
				BUNDLE_LOADER = "$(TEST_HOST)";
				GENERATE_INFOPLIST_FILE = YES;
				LD_RUNPATH_SEARCH_PATHS = (
					"$(inherited)",
					"@executable_path/Frameworks",
					"@loader_path/Frameworks",
				);
				PRODUCT_BUNDLE_IDENTIFIER = com.mishran.MishranTests;
				SDKROOT = iphoneos;
				TARGETED_DEVICE_FAMILY = "1,2";
				TEST_HOST = "$(BUILT_PRODUCTS_DIR)/Mishran.app/Mishran";
			};
			name = Release;
		};
		B9992C26BF51DB96EC658F0C /* Release */ = {
			isa = XCBuildConfiguration;
			buildSettings = {
				ALWAYS_SEARCH_USER_PATHS = NO;
				ASSETCATALOG_COMPILER_APPICON_NAME = AppIcon;
				CLANG_ANALYZER_NONNULL = YES;
				CLANG_ANALYZER_NUMBER_OBJECT_CONVERSION = YES_AGGRESSIVE;
				CLANG_CXX_LANGUAGE_STANDARD = "gnu++14";
				CLANG_CXX_LIBRARY = "libc++";
				CLANG_ENABLE_MODULES = YES;
				CLANG_ENABLE_OBJC_ARC = YES;
				CLANG_ENABLE_OBJC_WEAK = YES;
				CLANG_WARN_BLOCK_CAPTURE_AUTORELEASING = YES;
				CLANG_WARN_BOOL_CONVERSION = YES;
				CLANG_WARN_COMMA = YES;
				CLANG_WARN_CONSTANT_CONVERSION = YES;
				CLANG_WARN_DEPRECATED_OBJC_IMPLEMENTATIONS = YES;
				CLANG_WARN_DIRECT_OBJC_ISA_USAGE = YES_ERROR;
				CLANG_WARN_DOCUMENTATION_COMMENTS = YES;
				CLANG_WARN_EMPTY_BODY = YES;
				CLANG_WARN_ENUM_CONVERSION = YES;
				CLANG_WARN_INFINITE_RECURSION = YES;
				CLANG_WARN_INT_CONVERSION = YES;
				CLANG_WARN_NON_LITERAL_NULL_CONVERSION = YES;
				CLANG_WARN_OBJC_IMPLICIT_RETAIN_SELF = YES;
				CLANG_WARN_OBJC_LITERAL_CONVERSION = YES;
				CLANG_WARN_OBJC_ROOT_CLASS = YES_ERROR;
				CLANG_WARN_QUOTED_INCLUDE_IN_FRAMEWORK_HEADER = YES;
				CLANG_WARN_RANGE_LOOP_ANALYSIS = YES;
				CLANG_WARN_STRICT_PROTOTYPES = YES;
				CLANG_WARN_SUSPICIOUS_MOVE = YES;
				CLANG_WARN_UNGUARDED_AVAILABILITY = YES_AGGRESSIVE;
				CLANG_WARN_UNREACHABLE_CODE = YES;
				CLANG_WARN__DUPLICATE_METHOD_MATCH = YES;
				CODE_SIGN_IDENTITY = "-";
				CODE_SIGN_STYLE = Automatic;
				COPY_PHASE_STRIP = NO;
				DEBUG_INFORMATION_FORMAT = "dwarf-with-dsym";
				DEVELOPMENT_TEAM = 2X7B7DMV95;
				ENABLE_NS_ASSERTIONS = NO;
				ENABLE_STRICT_OBJC_MSGSEND = YES;
				GCC_C_LANGUAGE_STANDARD = gnu11;
				GCC_NO_COMMON_BLOCKS = YES;
				GCC_WARN_64_TO_32_BIT_CONVERSION = YES;
				GCC_WARN_ABOUT_RETURN_TYPE = YES_ERROR;
				GCC_WARN_UNDECLARED_SELECTOR = YES;
				GCC_WARN_UNINITIALIZED_AUTOS = YES_AGGRESSIVE;
				GCC_WARN_UNUSED_FUNCTION = YES;
				GCC_WARN_UNUSED_VARIABLE = YES;
				IPHONEOS_DEPLOYMENT_TARGET = 17.0;
				MTL_ENABLE_DEBUG_INFO = NO;
				MTL_FAST_MATH = YES;
				PRODUCT_NAME = "$(TARGET_NAME)";
				SDKROOT = iphoneos;
				SWIFT_COMPILATION_MODE = wholemodule;
				SWIFT_OPTIMIZATION_LEVEL = "-O";
				SWIFT_VERSION = 5.10;
			};
			name = Release;
		};
		F25864720AE3EF36D3D3F0D5 /* Debug */ = {
			isa = XCBuildConfiguration;
			buildSettings = {
				ALWAYS_SEARCH_USER_PATHS = NO;
				ASSETCATALOG_COMPILER_APPICON_NAME = AppIcon;
				CLANG_ANALYZER_NONNULL = YES;
				CLANG_ANALYZER_NUMBER_OBJECT_CONVERSION = YES_AGGRESSIVE;
				CLANG_CXX_LANGUAGE_STANDARD = "gnu++14";
				CLANG_CXX_LIBRARY = "libc++";
				CLANG_ENABLE_MODULES = YES;
				CLANG_ENABLE_OBJC_ARC = YES;
				CLANG_ENABLE_OBJC_WEAK = YES;
				CLANG_WARN_BLOCK_CAPTURE_AUTORELEASING = YES;
				CLANG_WARN_BOOL_CONVERSION = YES;
				CLANG_WARN_COMMA = YES;
				CLANG_WARN_CONSTANT_CONVERSION = YES;
				CLANG_WARN_DEPRECATED_OBJC_IMPLEMENTATIONS = YES;
				CLANG_WARN_DIRECT_OBJC_ISA_USAGE = YES_ERROR;
				CLANG_WARN_DOCUMENTATION_COMMENTS = YES;
				CLANG_WARN_EMPTY_BODY = YES;
				CLANG_WARN_ENUM_CONVERSION = YES;
				CLANG_WARN_INFINITE_RECURSION = YES;
				CLANG_WARN_INT_CONVERSION = YES;
				CLANG_WARN_NON_LITERAL_NULL_CONVERSION = YES;
				CLANG_WARN_OBJC_IMPLICIT_RETAIN_SELF = YES;
				CLANG_WARN_OBJC_LITERAL_CONVERSION = YES;
				CLANG_WARN_OBJC_ROOT_CLASS = YES_ERROR;
				CLANG_WARN_QUOTED_INCLUDE_IN_FRAMEWORK_HEADER = YES;
				CLANG_WARN_RANGE_LOOP_ANALYSIS = YES;
				CLANG_WARN_STRICT_PROTOTYPES = YES;
				CLANG_WARN_SUSPICIOUS_MOVE = YES;
				CLANG_WARN_UNGUARDED_AVAILABILITY = YES_AGGRESSIVE;
				CLANG_WARN_UNREACHABLE_CODE = YES;
				CLANG_WARN__DUPLICATE_METHOD_MATCH = YES;
				CODE_SIGN_IDENTITY = "-";
				CODE_SIGN_STYLE = Automatic;
				COPY_PHASE_STRIP = NO;
				DEBUG_INFORMATION_FORMAT = dwarf;
				DEVELOPMENT_TEAM = 2X7B7DMV95;
				ENABLE_STRICT_OBJC_MSGSEND = YES;
				ENABLE_TESTABILITY = YES;
				GCC_C_LANGUAGE_STANDARD = gnu11;
				GCC_DYNAMIC_NO_PIC = NO;
				GCC_NO_COMMON_BLOCKS = YES;
				GCC_OPTIMIZATION_LEVEL = 0;
				GCC_PREPROCESSOR_DEFINITIONS = (
					"$(inherited)",
					"DEBUG=1",
				);
				GCC_WARN_64_TO_32_BIT_CONVERSION = YES;
				GCC_WARN_ABOUT_RETURN_TYPE = YES_ERROR;
				GCC_WARN_UNDECLARED_SELECTOR = YES;
				GCC_WARN_UNINITIALIZED_AUTOS = YES_AGGRESSIVE;
				GCC_WARN_UNUSED_FUNCTION = YES;
				GCC_WARN_UNUSED_VARIABLE = YES;
				IPHONEOS_DEPLOYMENT_TARGET = 17.0;
				MTL_ENABLE_DEBUG_INFO = INCLUDE_SOURCE;
				MTL_FAST_MATH = YES;
				ONLY_ACTIVE_ARCH = YES;
				PRODUCT_NAME = "$(TARGET_NAME)";
				SDKROOT = iphoneos;
				SWIFT_ACTIVE_COMPILATION_CONDITIONS = DEBUG;
				SWIFT_OPTIMIZATION_LEVEL = "-Onone";
				SWIFT_VERSION = 5.10;
			};
			name = Debug;
		};
/* End XCBuildConfiguration section */

/* Begin XCConfigurationList section */
		27EA8B3190FDED195FC41B90 /* Build configuration list for PBXNativeTarget "Mishran" */ = {
			isa = XCConfigurationList;
			buildConfigurations = (
				33C4A4D4E0ECBE3C43A6A479 /* Debug */,
				473FD913BD826B80C0963060 /* Release */,
			);
			defaultConfigurationIsVisible = 0;
			defaultConfigurationName = Debug;
		};
		4AED9ECFCF315B3DBDBE37BF /* Build configuration list for PBXProject "Mishran" */ = {
			isa = XCConfigurationList;
			buildConfigurations = (
				F25864720AE3EF36D3D3F0D5 /* Debug */,
				B9992C26BF51DB96EC658F0C /* Release */,
			);
			defaultConfigurationIsVisible = 0;
			defaultConfigurationName = Debug;
		};
		A43B2F153A481A9D0A26267F /* Build configuration list for PBXNativeTarget "MishranUITests" */ = {
			isa = XCConfigurationList;
			buildConfigurations = (
				333743F83372DA091D861B9B /* Debug */,
				193366255096BBE557B1F47B /* Release */,
			);
			defaultConfigurationIsVisible = 0;
			defaultConfigurationName = Debug;
		};
		E03A21A786D3442E63F717CA /* Build configuration list for PBXNativeTarget "MishranTests" */ = {
			isa = XCConfigurationList;
			buildConfigurations = (
				4488D2A72AFEB68FA4478A0D /* Debug */,
				54F9A646263656F71EE44FE8 /* Release */,
			);
			defaultConfigurationIsVisible = 0;
			defaultConfigurationName = Debug;
		};
/* End XCConfigurationList section */

/* Begin XCRemoteSwiftPackageReference section */
		708011D80731D252F592FDB8 /* XCRemoteSwiftPackageReference "razorpay-pod" */ = {
			isa = XCRemoteSwiftPackageReference;
			repositoryURL = "https://github.com/razorpay/razorpay-pod";
			requirement = {
				kind = upToNextMajorVersion;
				minimumVersion = 1.5.6;
			};
		};
/* End XCRemoteSwiftPackageReference section */

/* Begin XCSwiftPackageProductDependency section */
		231294D2DC7536DD79AE9C48 /* RazorpayCheckout */ = {
			isa = XCSwiftPackageProductDependency;
			package = 708011D80731D252F592FDB8 /* XCRemoteSwiftPackageReference "razorpay-pod" */;
			productName = RazorpayCheckout;
		};
/* End XCSwiftPackageProductDependency section */
	};
	rootObject = 068F6588F6E5AA439AA8F934 /* Project object */;
}
